// !$*UTF8*$!
{
	archiveVersion = 1;
	classes = {
	};
	objectVersion = 56;
	objects = {

/* Begin PBXBuildFile section */
		44675E792B14982A00DF87A1 /* RtEngineWrapper.swift in Sources */ = {isa = PBXBuildFile; fileRef = 44675E782B14982A00DF87A1 /* RtEngineWrapper.swift */; };
		5ED8B92C2ACD8EA100BCFC20 /* TinyAsyncRedux in Frameworks */ = {isa = PBXBuildFile; productRef = 5ED8B92B2ACD8EA100BCFC20 /* TinyAsyncRedux */; };
		5ED8B92F2ACD8F1D00BCFC20 /* FlowStacks in Frameworks */ = {isa = PBXBuildFile; productRef = 5ED8B92E2ACD8F1D00BCFC20 /* FlowStacks */; };
		5ED8B9322ACD8FAC00BCFC20 /* rtpkcs11ecp in Frameworks */ = {isa = PBXBuildFile; productRef = 5ED8B9312ACD8FAC00BCFC20 /* rtpkcs11ecp */; };
		5ED8B9352ACD8FD100BCFC20 /* rtengine in Frameworks */ = {isa = PBXBuildFile; productRef = 5ED8B9342ACD8FD100BCFC20 /* rtengine */; };
		5ED8B9382ACD996100BCFC20 /* openssl in Frameworks */ = {isa = PBXBuildFile; productRef = 5ED8B9372ACD996100BCFC20 /* openssl */; };
		5ED8B93B2ACDA1C300BCFC20 /* RtPcsc in Frameworks */ = {isa = PBXBuildFile; productRef = 5ED8B93A2ACDA1C300BCFC20 /* RtPcsc */; };
		5EF75DDF2AC707BD001834BE /* RutokenTechApp.swift in Sources */ = {isa = PBXBuildFile; fileRef = 5EF75DDE2AC707BD001834BE /* RutokenTechApp.swift */; };
		5EF75DE12AC707BD001834BE /* RootView.swift in Sources */ = {isa = PBXBuildFile; fileRef = 5EF75DE02AC707BD001834BE /* RootView.swift */; };
		5EF75DE32AC707BD001834BE /* Assets.xcassets in Resources */ = {isa = PBXBuildFile; fileRef = 5EF75DE22AC707BD001834BE /* Assets.xcassets */; };
		5EF75DE62AC707BD001834BE /* Preview Assets.xcassets in Resources */ = {isa = PBXBuildFile; fileRef = 5EF75DE52AC707BD001834BE /* Preview Assets.xcassets */; };
		7D2021472AEC16E8003E2B73 /* IpadRootView.swift in Sources */ = {isa = PBXBuildFile; fileRef = 7D2021462AEC16E8003E2B73 /* IpadRootView.swift */; };
		7D38D6DA2B0E2C190045FBAD /* AppState.swift in Sources */ = {isa = PBXBuildFile; fileRef = 7D38D6D92B0E2C190045FBAD /* AppState.swift */; };
		7D38D6DC2B0E2D3F0045FBAD /* AppAction.swift in Sources */ = {isa = PBXBuildFile; fileRef = 7D38D6DB2B0E2D3F0045FBAD /* AppAction.swift */; };
		7D38D6E02B0E33780045FBAD /* AppReducer.swift in Sources */ = {isa = PBXBuildFile; fileRef = 7D38D6DF2B0E33780045FBAD /* AppReducer.swift */; };
		7D5145412AFBD1DB004B6947 /* CaEntryView.swift in Sources */ = {isa = PBXBuildFile; fileRef = 7D5145402AFBD1DB004B6947 /* CaEntryView.swift */; };
		7D9E5A602B0BA55E00E2EAB7 /* CaEntryViewState.swift in Sources */ = {isa = PBXBuildFile; fileRef = 7D9E5A5F2B0BA55E00E2EAB7 /* CaEntryViewState.swift */; };
		7DAF6E762AFA362A003A57D1 /* UIDevice+isPhone.swift in Sources */ = {isa = PBXBuildFile; fileRef = 7DAF6E752AFA362A003A57D1 /* UIDevice+isPhone.swift */; };
		D44997F32AEA6F2100B0AB64 /* IphoneRootView.swift in Sources */ = {isa = PBXBuildFile; fileRef = D44997F22AEA6F2100B0AB64 /* IphoneRootView.swift */; };
		D44997F62AEA796E00B0AB64 /* RtAppTab.swift in Sources */ = {isa = PBXBuildFile; fileRef = D44997F52AEA796E00B0AB64 /* RtAppTab.swift */; };
		D4B130A82B0CFD2F00AD390F /* CryptoManager.swift in Sources */ = {isa = PBXBuildFile; fileRef = D4B130A72B0CFD2F00AD390F /* CryptoManager.swift */; };
		D4B130AB2B0CFD7300AD390F /* TokenInfo.swift in Sources */ = {isa = PBXBuildFile; fileRef = D4B130AA2B0CFD7300AD390F /* TokenInfo.swift */; };
		D4B130B02B0CFFCD00AD390F /* TokenModel.swift in Sources */ = {isa = PBXBuildFile; fileRef = D4B130AF2B0CFFCD00AD390F /* TokenModel.swift */; };
		D4B130B32B0DD52A00AD390F /* Token.swift in Sources */ = {isa = PBXBuildFile; fileRef = D4B130B22B0DD52A00AD390F /* Token.swift */; };
		D4B130B52B0DDB2200AD390F /* Pkcs11Helper.swift in Sources */ = {isa = PBXBuildFile; fileRef = D4B130B42B0DDB2200AD390F /* Pkcs11Helper.swift */; };
		D4B130C52B0E37D600AD390F /* TokenMock.swift in Sources */ = {isa = PBXBuildFile; fileRef = D4B130C42B0E37D600AD390F /* TokenMock.swift */; };
		D4B130C72B0E37F200AD390F /* Pkcs11HelperMock.swift in Sources */ = {isa = PBXBuildFile; fileRef = D4B130C62B0E37F200AD390F /* Pkcs11HelperMock.swift */; };
		D4B130D02B0E3B1600AD390F /* CryptoManagerTests.swift in Sources */ = {isa = PBXBuildFile; fileRef = D4B130CF2B0E3B1600AD390F /* CryptoManagerTests.swift */; };
		D4B130D32B0E3EDE00AD390F /* XCTestCase+AssertSpecificError.swift in Sources */ = {isa = PBXBuildFile; fileRef = D4B130D22B0E3EDE00AD390F /* XCTestCase+AssertSpecificError.swift */; };
		D4B130D62B0E4F2400AD390F /* PcscHelper.swift in Sources */ = {isa = PBXBuildFile; fileRef = D4B130D52B0E4F2400AD390F /* PcscHelper.swift */; };
		D4B130D82B0E4F8200AD390F /* TokenInterface.swift in Sources */ = {isa = PBXBuildFile; fileRef = D4B130D72B0E4F8200AD390F /* TokenInterface.swift */; };
		D4B130DA2B0E51FE00AD390F /* PcscHelperMock.swift in Sources */ = {isa = PBXBuildFile; fileRef = D4B130D92B0E51FE00AD390F /* PcscHelperMock.swift */; };
/* End PBXBuildFile section */

/* Begin PBXContainerItemProxy section */
		D4B130BE2B0E379900AD390F /* PBXContainerItemProxy */ = {
			isa = PBXContainerItemProxy;
			containerPortal = 5EF75DD32AC707BC001834BE /* Project object */;
			proxyType = 1;
			remoteGlobalIDString = 5EF75DDA2AC707BD001834BE;
			remoteInfo = "Rutoken Tech";
		};
/* End PBXContainerItemProxy section */

/* Begin PBXFileReference section */
		443AF4DD2B10B40500D34150 /* Rutoken_Tech-Bridging-Header.h */ = {isa = PBXFileReference; lastKnownFileType = sourcecode.c.h; path = "Rutoken_Tech-Bridging-Header.h"; sourceTree = "<group>"; };
		44675E782B14982A00DF87A1 /* RtEngineWrapper.swift */ = {isa = PBXFileReference; lastKnownFileType = sourcecode.swift; path = RtEngineWrapper.swift; sourceTree = "<group>"; };
		5EF75DDB2AC707BD001834BE /* Rutoken Tech.app */ = {isa = PBXFileReference; explicitFileType = wrapper.application; includeInIndex = 0; path = "Rutoken Tech.app"; sourceTree = BUILT_PRODUCTS_DIR; };
		5EF75DDE2AC707BD001834BE /* RutokenTechApp.swift */ = {isa = PBXFileReference; lastKnownFileType = sourcecode.swift; path = RutokenTechApp.swift; sourceTree = "<group>"; };
		5EF75DE02AC707BD001834BE /* RootView.swift */ = {isa = PBXFileReference; lastKnownFileType = sourcecode.swift; path = RootView.swift; sourceTree = "<group>"; };
		5EF75DE22AC707BD001834BE /* Assets.xcassets */ = {isa = PBXFileReference; lastKnownFileType = folder.assetcatalog; path = Assets.xcassets; sourceTree = "<group>"; };
		5EF75DE52AC707BD001834BE /* Preview Assets.xcassets */ = {isa = PBXFileReference; lastKnownFileType = folder.assetcatalog; path = "Preview Assets.xcassets"; sourceTree = "<group>"; };
		7D2021462AEC16E8003E2B73 /* IpadRootView.swift */ = {isa = PBXFileReference; lastKnownFileType = sourcecode.swift; path = IpadRootView.swift; sourceTree = "<group>"; };
		7D38D6D92B0E2C190045FBAD /* AppState.swift */ = {isa = PBXFileReference; lastKnownFileType = sourcecode.swift; path = AppState.swift; sourceTree = "<group>"; };
		7D38D6DB2B0E2D3F0045FBAD /* AppAction.swift */ = {isa = PBXFileReference; lastKnownFileType = sourcecode.swift; path = AppAction.swift; sourceTree = "<group>"; };
		7D38D6DF2B0E33780045FBAD /* AppReducer.swift */ = {isa = PBXFileReference; lastKnownFileType = sourcecode.swift; path = AppReducer.swift; sourceTree = "<group>"; };
		7D5145402AFBD1DB004B6947 /* CaEntryView.swift */ = {isa = PBXFileReference; lastKnownFileType = sourcecode.swift; path = CaEntryView.swift; sourceTree = "<group>"; };
		7D9E5A5F2B0BA55E00E2EAB7 /* CaEntryViewState.swift */ = {isa = PBXFileReference; lastKnownFileType = sourcecode.swift; path = CaEntryViewState.swift; sourceTree = "<group>"; };
		7DAF6E752AFA362A003A57D1 /* UIDevice+isPhone.swift */ = {isa = PBXFileReference; lastKnownFileType = sourcecode.swift; path = "UIDevice+isPhone.swift"; sourceTree = "<group>"; };
		D44997F22AEA6F2100B0AB64 /* IphoneRootView.swift */ = {isa = PBXFileReference; lastKnownFileType = sourcecode.swift; path = IphoneRootView.swift; sourceTree = "<group>"; };
		D44997F52AEA796E00B0AB64 /* RtAppTab.swift */ = {isa = PBXFileReference; lastKnownFileType = sourcecode.swift; path = RtAppTab.swift; sourceTree = "<group>"; };
		D4B130A72B0CFD2F00AD390F /* CryptoManager.swift */ = {isa = PBXFileReference; lastKnownFileType = sourcecode.swift; path = CryptoManager.swift; sourceTree = "<group>"; };
		D4B130AA2B0CFD7300AD390F /* TokenInfo.swift */ = {isa = PBXFileReference; lastKnownFileType = sourcecode.swift; path = TokenInfo.swift; sourceTree = "<group>"; };
		D4B130AF2B0CFFCD00AD390F /* TokenModel.swift */ = {isa = PBXFileReference; lastKnownFileType = sourcecode.swift; path = TokenModel.swift; sourceTree = "<group>"; };
		D4B130B22B0DD52A00AD390F /* Token.swift */ = {isa = PBXFileReference; lastKnownFileType = sourcecode.swift; path = Token.swift; sourceTree = "<group>"; };
		D4B130B42B0DDB2200AD390F /* Pkcs11Helper.swift */ = {isa = PBXFileReference; lastKnownFileType = sourcecode.swift; path = Pkcs11Helper.swift; sourceTree = "<group>"; };
		D4B130BA2B0E379900AD390F /* Rutoken Tech Tests.xctest */ = {isa = PBXFileReference; explicitFileType = wrapper.cfbundle; includeInIndex = 0; path = "Rutoken Tech Tests.xctest"; sourceTree = BUILT_PRODUCTS_DIR; };
		D4B130C42B0E37D600AD390F /* TokenMock.swift */ = {isa = PBXFileReference; lastKnownFileType = sourcecode.swift; path = TokenMock.swift; sourceTree = "<group>"; };
		D4B130C62B0E37F200AD390F /* Pkcs11HelperMock.swift */ = {isa = PBXFileReference; lastKnownFileType = sourcecode.swift; path = Pkcs11HelperMock.swift; sourceTree = "<group>"; };
		D4B130CF2B0E3B1600AD390F /* CryptoManagerTests.swift */ = {isa = PBXFileReference; lastKnownFileType = sourcecode.swift; path = CryptoManagerTests.swift; sourceTree = "<group>"; };
		D4B130D22B0E3EDE00AD390F /* XCTestCase+AssertSpecificError.swift */ = {isa = PBXFileReference; lastKnownFileType = sourcecode.swift; path = "XCTestCase+AssertSpecificError.swift"; sourceTree = "<group>"; };
		D4B130D52B0E4F2400AD390F /* PcscHelper.swift */ = {isa = PBXFileReference; lastKnownFileType = sourcecode.swift; path = PcscHelper.swift; sourceTree = "<group>"; };
		D4B130D72B0E4F8200AD390F /* TokenInterface.swift */ = {isa = PBXFileReference; lastKnownFileType = sourcecode.swift; path = TokenInterface.swift; sourceTree = "<group>"; };
		D4B130D92B0E51FE00AD390F /* PcscHelperMock.swift */ = {isa = PBXFileReference; lastKnownFileType = sourcecode.swift; path = PcscHelperMock.swift; sourceTree = "<group>"; };
/* End PBXFileReference section */

/* Begin PBXFrameworksBuildPhase section */
		5EF75DD82AC707BD001834BE /* Frameworks */ = {
			isa = PBXFrameworksBuildPhase;
			buildActionMask = 2147483647;
			files = (
				5ED8B9352ACD8FD100BCFC20 /* rtengine in Frameworks */,
				5ED8B92C2ACD8EA100BCFC20 /* TinyAsyncRedux in Frameworks */,
				5ED8B9322ACD8FAC00BCFC20 /* rtpkcs11ecp in Frameworks */,
				5ED8B9382ACD996100BCFC20 /* openssl in Frameworks */,
				5ED8B92F2ACD8F1D00BCFC20 /* FlowStacks in Frameworks */,
				5ED8B93B2ACDA1C300BCFC20 /* RtPcsc in Frameworks */,
			);
			runOnlyForDeploymentPostprocessing = 0;
		};
		D4B130B72B0E379900AD390F /* Frameworks */ = {
			isa = PBXFrameworksBuildPhase;
			buildActionMask = 2147483647;
			files = (
			);
			runOnlyForDeploymentPostprocessing = 0;
		};
/* End PBXFrameworksBuildPhase section */

/* Begin PBXGroup section */
		5EF75DD22AC707BC001834BE = {
			isa = PBXGroup;
			children = (
				5EF75DDD2AC707BD001834BE /* Rutoken Tech */,
				D4B130BB2B0E379900AD390F /* Rutoken Tech Tests */,
				5EF75DDC2AC707BD001834BE /* Products */,
			);
			sourceTree = "<group>";
		};
		5EF75DDC2AC707BD001834BE /* Products */ = {
			isa = PBXGroup;
			children = (
				5EF75DDB2AC707BD001834BE /* Rutoken Tech.app */,
				D4B130BA2B0E379900AD390F /* Rutoken Tech Tests.xctest */,
			);
			name = Products;
			sourceTree = "<group>";
		};
		5EF75DDD2AC707BD001834BE /* Rutoken Tech */ = {
			isa = PBXGroup;
			children = (
				D4B130D42B0E4F1300AD390F /* Pcsc */,
				D4B130B12B0DD50F00AD390F /* Pkcs11 */,
				D4B130A92B0CFD6600AD390F /* Models */,
				D4B130A62B0CFD1B00AD390F /* Managers */,
				7DAF6E742AFA35A5003A57D1 /* Extensions */,
				D44997F12AEA6EB500B0AB64 /* Views */,
				7D38D6D82B0E2B920045FBAD /* Redux */,
				5EF75DDE2AC707BD001834BE /* RutokenTechApp.swift */,
				5EF75DE22AC707BD001834BE /* Assets.xcassets */,
				5EF75DE42AC707BD001834BE /* Preview Content */,
				443AF4DD2B10B40500D34150 /* Rutoken_Tech-Bridging-Header.h */,
			);
			path = "Rutoken Tech";
			sourceTree = "<group>";
		};
		5EF75DE42AC707BD001834BE /* Preview Content */ = {
			isa = PBXGroup;
			children = (
				5EF75DE52AC707BD001834BE /* Preview Assets.xcassets */,
			);
			path = "Preview Content";
			sourceTree = "<group>";
		};
		7D38D6D82B0E2B920045FBAD /* Redux */ = {
			isa = PBXGroup;
			children = (
				7D38D6DD2B0E2D7E0045FBAD /* Actions */,
				7D38D6DE2B0E33620045FBAD /* Reducers */,
				7D9E5A5E2B0BA51600E2EAB7 /* States */,
			);
			path = Redux;
			sourceTree = "<group>";
		};
		7D38D6DD2B0E2D7E0045FBAD /* Actions */ = {
			isa = PBXGroup;
			children = (
				7D38D6DB2B0E2D3F0045FBAD /* AppAction.swift */,
			);
			path = Actions;
			sourceTree = "<group>";
		};
		7D38D6DE2B0E33620045FBAD /* Reducers */ = {
			isa = PBXGroup;
			children = (
				7D38D6DF2B0E33780045FBAD /* AppReducer.swift */,
			);
			path = Reducers;
			sourceTree = "<group>";
		};
		7D5390082B0FA17E00FE4738 /* Ca */ = {
			isa = PBXGroup;
			children = (
				7D5145402AFBD1DB004B6947 /* CaEntryView.swift */,
			);
			path = Ca;
			sourceTree = "<group>";
		};
		7D9E5A5E2B0BA51600E2EAB7 /* States */ = {
			isa = PBXGroup;
			children = (
				7D38D6D92B0E2C190045FBAD /* AppState.swift */,
				7D9E5A5F2B0BA55E00E2EAB7 /* CaEntryViewState.swift */,
			);
			path = States;
			sourceTree = "<group>";
		};
		7DAF6E742AFA35A5003A57D1 /* Extensions */ = {
			isa = PBXGroup;
			children = (
				7DAF6E752AFA362A003A57D1 /* UIDevice+isPhone.swift */,
			);
			path = Extensions;
			sourceTree = "<group>";
		};
		D44997F12AEA6EB500B0AB64 /* Views */ = {
			isa = PBXGroup;
			children = (
				7D5390082B0FA17E00FE4738 /* Ca */,
				D44997F52AEA796E00B0AB64 /* RtAppTab.swift */,
				5EF75DE02AC707BD001834BE /* RootView.swift */,
				D44997F22AEA6F2100B0AB64 /* IphoneRootView.swift */,
				7D2021462AEC16E8003E2B73 /* IpadRootView.swift */,
			);
			path = Views;
			sourceTree = "<group>";
		};
		D4B130A62B0CFD1B00AD390F /* Managers */ = {
			isa = PBXGroup;
			children = (
				D4B130A72B0CFD2F00AD390F /* CryptoManager.swift */,
			);
			path = Managers;
			sourceTree = "<group>";
		};
		D4B130A92B0CFD6600AD390F /* Models */ = {
			isa = PBXGroup;
			children = (
				D4B130AA2B0CFD7300AD390F /* TokenInfo.swift */,
				D4B130AF2B0CFFCD00AD390F /* TokenModel.swift */,
				D4B130D72B0E4F8200AD390F /* TokenInterface.swift */,
			);
			path = Models;
			sourceTree = "<group>";
		};
		D4B130B12B0DD50F00AD390F /* Pkcs11 */ = {
			isa = PBXGroup;
			children = (
				D4B130B22B0DD52A00AD390F /* Token.swift */,
				D4B130B42B0DDB2200AD390F /* Pkcs11Helper.swift */,
				44675E782B14982A00DF87A1 /* RtEngineWrapper.swift */,
			);
			path = Pkcs11;
			sourceTree = "<group>";
		};
		D4B130BB2B0E379900AD390F /* Rutoken Tech Tests */ = {
			isa = PBXGroup;
			children = (
				D4B130D12B0E3ECC00AD390F /* Extensions */,
				D4B130CE2B0E3AEF00AD390F /* Managers */,
				D4B130C32B0E37BB00AD390F /* Mocks */,
			);
			path = "Rutoken Tech Tests";
			sourceTree = "<group>";
		};
		D4B130C32B0E37BB00AD390F /* Mocks */ = {
			isa = PBXGroup;
			children = (
				D4B130C42B0E37D600AD390F /* TokenMock.swift */,
				D4B130C62B0E37F200AD390F /* Pkcs11HelperMock.swift */,
				D4B130D92B0E51FE00AD390F /* PcscHelperMock.swift */,
			);
			path = Mocks;
			sourceTree = "<group>";
		};
		D4B130CE2B0E3AEF00AD390F /* Managers */ = {
			isa = PBXGroup;
			children = (
				D4B130CF2B0E3B1600AD390F /* CryptoManagerTests.swift */,
			);
			path = Managers;
			sourceTree = "<group>";
		};
		D4B130D12B0E3ECC00AD390F /* Extensions */ = {
			isa = PBXGroup;
			children = (
				D4B130D22B0E3EDE00AD390F /* XCTestCase+AssertSpecificError.swift */,
			);
			path = Extensions;
			sourceTree = "<group>";
		};
		D4B130D42B0E4F1300AD390F /* Pcsc */ = {
			isa = PBXGroup;
			children = (
				D4B130D52B0E4F2400AD390F /* PcscHelper.swift */,
			);
			path = Pcsc;
			sourceTree = "<group>";
		};
/* End PBXGroup section */

/* Begin PBXNativeTarget section */
		5EF75DDA2AC707BD001834BE /* Rutoken Tech */ = {
			isa = PBXNativeTarget;
			buildConfigurationList = 5EF75DE92AC707BD001834BE /* Build configuration list for PBXNativeTarget "Rutoken Tech" */;
			buildPhases = (
				5EF75DD72AC707BD001834BE /* Sources */,
				5EF75DD82AC707BD001834BE /* Frameworks */,
				5EF75DD92AC707BD001834BE /* Resources */,
				7D98BD802AE1233400B6A281 /* Run Swiftlint */,
			);
			buildRules = (
			);
			dependencies = (
			);
			name = "Rutoken Tech";
			packageProductDependencies = (
				5ED8B92B2ACD8EA100BCFC20 /* TinyAsyncRedux */,
				5ED8B92E2ACD8F1D00BCFC20 /* FlowStacks */,
				5ED8B9312ACD8FAC00BCFC20 /* rtpkcs11ecp */,
				5ED8B9342ACD8FD100BCFC20 /* rtengine */,
				5ED8B9372ACD996100BCFC20 /* openssl */,
				5ED8B93A2ACDA1C300BCFC20 /* RtPcsc */,
			);
			productName = "Rutoken Tech";
			productReference = 5EF75DDB2AC707BD001834BE /* Rutoken Tech.app */;
			productType = "com.apple.product-type.application";
		};
		D4B130B92B0E379900AD390F /* Rutoken Tech Tests */ = {
			isa = PBXNativeTarget;
			buildConfigurationList = D4B130C22B0E379900AD390F /* Build configuration list for PBXNativeTarget "Rutoken Tech Tests" */;
			buildPhases = (
				D4B130B62B0E379900AD390F /* Sources */,
				D4B130B72B0E379900AD390F /* Frameworks */,
				D4B130B82B0E379900AD390F /* Resources */,
			);
			buildRules = (
			);
			dependencies = (
				D4B130BF2B0E379900AD390F /* PBXTargetDependency */,
			);
			name = "Rutoken Tech Tests";
			productName = "Rutoken Tech Tests";
			productReference = D4B130BA2B0E379900AD390F /* Rutoken Tech Tests.xctest */;
			productType = "com.apple.product-type.bundle.unit-test";
		};
/* End PBXNativeTarget section */

/* Begin PBXProject section */
		5EF75DD32AC707BC001834BE /* Project object */ = {
			isa = PBXProject;
			attributes = {
				BuildIndependentTargetsInParallel = 1;
				LastSwiftUpdateCheck = 1500;
				LastUpgradeCheck = 1500;
				TargetAttributes = {
					5EF75DDA2AC707BD001834BE = {
						CreatedOnToolsVersion = 15.0;
					};
					D4B130B92B0E379900AD390F = {
						CreatedOnToolsVersion = 15.0.1;
						TestTargetID = 5EF75DDA2AC707BD001834BE;
					};
				};
			};
			buildConfigurationList = 5EF75DD62AC707BC001834BE /* Build configuration list for PBXProject "Rutoken Tech" */;
			compatibilityVersion = "Xcode 14.0";
			developmentRegion = en;
			hasScannedForEncodings = 0;
			knownRegions = (
				en,
				Base,
			);
			mainGroup = 5EF75DD22AC707BC001834BE;
			packageReferences = (
				5ED8B92A2ACD8EA100BCFC20 /* XCRemoteSwiftPackageReference "tiny-redux" */,
				5ED8B92D2ACD8F1D00BCFC20 /* XCRemoteSwiftPackageReference "FlowStacks" */,
				5ED8B9302ACD8FAC00BCFC20 /* XCRemoteSwiftPackageReference "rt-pkcs11ecp" */,
				5ED8B9332ACD8FD100BCFC20 /* XCRemoteSwiftPackageReference "rt-engine" */,
				5ED8B9362ACD996100BCFC20 /* XCRemoteSwiftPackageReference "openssl-xcframework" */,
				5ED8B9392ACDA1C300BCFC20 /* XCRemoteSwiftPackageReference "rt-pcsc" */,
			);
			productRefGroup = 5EF75DDC2AC707BD001834BE /* Products */;
			projectDirPath = "";
			projectRoot = "";
			targets = (
				5EF75DDA2AC707BD001834BE /* Rutoken Tech */,
				D4B130B92B0E379900AD390F /* Rutoken Tech Tests */,
			);
		};
/* End PBXProject section */

/* Begin PBXResourcesBuildPhase section */
		5EF75DD92AC707BD001834BE /* Resources */ = {
			isa = PBXResourcesBuildPhase;
			buildActionMask = 2147483647;
			files = (
				5EF75DE62AC707BD001834BE /* Preview Assets.xcassets in Resources */,
				5EF75DE32AC707BD001834BE /* Assets.xcassets in Resources */,
			);
			runOnlyForDeploymentPostprocessing = 0;
		};
		D4B130B82B0E379900AD390F /* Resources */ = {
			isa = PBXResourcesBuildPhase;
			buildActionMask = 2147483647;
			files = (
			);
			runOnlyForDeploymentPostprocessing = 0;
		};
/* End PBXResourcesBuildPhase section */

/* Begin PBXShellScriptBuildPhase section */
		7D98BD802AE1233400B6A281 /* Run Swiftlint */ = {
			isa = PBXShellScriptBuildPhase;
			alwaysOutOfDate = 1;
			buildActionMask = 12;
			files = (
			);
			inputFileListPaths = (
			);
			inputPaths = (
			);
			name = "Run Swiftlint";
			outputFileListPaths = (
			);
			outputPaths = (
			);
			runOnlyForDeploymentPostprocessing = 0;
			shellPath = /bin/sh;
			shellScript = "if test -d \"/opt/homebrew/bin/\"; then\n  PATH=\"/opt/homebrew/bin/:${PATH}\"\nfi\n\nexport PATH\n\nif which swiftlint >/dev/null; then\n  swiftlint lint --strict\nelse\n  echo \"warning: SwiftLint not installed, download from https://github.com/realm/SwiftLint\"\nfi\n";
		};
/* End PBXShellScriptBuildPhase section */

/* Begin PBXSourcesBuildPhase section */
		5EF75DD72AC707BD001834BE /* Sources */ = {
			isa = PBXSourcesBuildPhase;
			buildActionMask = 2147483647;
			files = (
				D4B130D62B0E4F2400AD390F /* PcscHelper.swift in Sources */,
				5EF75DE12AC707BD001834BE /* RootView.swift in Sources */,
				D4B130A82B0CFD2F00AD390F /* CryptoManager.swift in Sources */,
				44675E792B14982A00DF87A1 /* RtEngineWrapper.swift in Sources */,
				D4B130B02B0CFFCD00AD390F /* TokenModel.swift in Sources */,
				7D38D6DA2B0E2C190045FBAD /* AppState.swift in Sources */,
				5EF75DDF2AC707BD001834BE /* RutokenTechApp.swift in Sources */,
				D4B130B52B0DDB2200AD390F /* Pkcs11Helper.swift in Sources */,
				D4B130D82B0E4F8200AD390F /* TokenInterface.swift in Sources */,
				D44997F62AEA796E00B0AB64 /* RtAppTab.swift in Sources */,
				7D38D6DC2B0E2D3F0045FBAD /* AppAction.swift in Sources */,
				D44997F32AEA6F2100B0AB64 /* IphoneRootView.swift in Sources */,
                7D38D6E02B0E33780045FBAD /* AppReducer.swift in Sources */,
                7D2021472AEC16E8003E2B73 /* IpadRootView.swift in Sources */,
                7D5145412AFBD1DB004B6947 /* CaEntryView.swift in Sources */,
                7D9E5A602B0BA55E00E2EAB7 /* CaEntryViewState.swift in Sources */,
				D4B130B32B0DD52A00AD390F /* Token.swift in Sources */,
				7DAF6E762AFA362A003A57D1 /* UIDevice+isPhone.swift in Sources */,
				D4B130AB2B0CFD7300AD390F /* TokenInfo.swift in Sources */,
			);
			runOnlyForDeploymentPostprocessing = 0;
		};
		D4B130B62B0E379900AD390F /* Sources */ = {
			isa = PBXSourcesBuildPhase;
			buildActionMask = 2147483647;
			files = (
				D4B130DA2B0E51FE00AD390F /* PcscHelperMock.swift in Sources */,
				D4B130C72B0E37F200AD390F /* Pkcs11HelperMock.swift in Sources */,
				D4B130D02B0E3B1600AD390F /* CryptoManagerTests.swift in Sources */,
				D4B130C52B0E37D600AD390F /* TokenMock.swift in Sources */,
				D4B130D32B0E3EDE00AD390F /* XCTestCase+AssertSpecificError.swift in Sources */,
			);
			runOnlyForDeploymentPostprocessing = 0;
		};
/* End PBXSourcesBuildPhase section */

/* Begin PBXTargetDependency section */
		D4B130BF2B0E379900AD390F /* PBXTargetDependency */ = {
			isa = PBXTargetDependency;
			target = 5EF75DDA2AC707BD001834BE /* Rutoken Tech */;
			targetProxy = D4B130BE2B0E379900AD390F /* PBXContainerItemProxy */;
		};
/* End PBXTargetDependency section */

/* Begin XCBuildConfiguration section */
		5EF75DE72AC707BD001834BE /* Debug */ = {
			isa = XCBuildConfiguration;
			buildSettings = {
				ALWAYS_SEARCH_USER_PATHS = NO;
				ASSETCATALOG_COMPILER_GENERATE_SWIFT_ASSET_SYMBOL_EXTENSIONS = YES;
				CLANG_ANALYZER_NONNULL = YES;
				CLANG_ANALYZER_NUMBER_OBJECT_CONVERSION = YES_AGGRESSIVE;
				CLANG_CXX_LANGUAGE_STANDARD = "gnu++20";
				CLANG_ENABLE_MODULES = YES;
				CLANG_ENABLE_OBJC_ARC = YES;
				CLANG_ENABLE_OBJC_WEAK = YES;
				CLANG_WARN_BLOCK_CAPTURE_AUTORELEASING = YES;
				CLANG_WARN_BOOL_CONVERSION = YES;
				CLANG_WARN_COMMA = YES;
				CLANG_WARN_CONSTANT_CONVERSION = YES;
				CLANG_WARN_DEPRECATED_OBJC_IMPLEMENTATIONS = YES;
				CLANG_WARN_DIRECT_OBJC_ISA_USAGE = YES_ERROR;
				CLANG_WARN_DOCUMENTATION_COMMENTS = YES;
				CLANG_WARN_EMPTY_BODY = YES;
				CLANG_WARN_ENUM_CONVERSION = YES;
				CLANG_WARN_INFINITE_RECURSION = YES;
				CLANG_WARN_INT_CONVERSION = YES;
				CLANG_WARN_NON_LITERAL_NULL_CONVERSION = YES;
				CLANG_WARN_OBJC_IMPLICIT_RETAIN_SELF = YES;
				CLANG_WARN_OBJC_LITERAL_CONVERSION = YES;
				CLANG_WARN_OBJC_ROOT_CLASS = YES_ERROR;
				CLANG_WARN_QUOTED_INCLUDE_IN_FRAMEWORK_HEADER = YES;
				CLANG_WARN_RANGE_LOOP_ANALYSIS = YES;
				CLANG_WARN_STRICT_PROTOTYPES = YES;
				CLANG_WARN_SUSPICIOUS_MOVE = YES;
				CLANG_WARN_UNGUARDED_AVAILABILITY = YES_AGGRESSIVE;
				CLANG_WARN_UNREACHABLE_CODE = YES;
				CLANG_WARN__DUPLICATE_METHOD_MATCH = YES;
				COPY_PHASE_STRIP = NO;
				DEBUG_INFORMATION_FORMAT = dwarf;
				ENABLE_STRICT_OBJC_MSGSEND = YES;
				ENABLE_TESTABILITY = YES;
				ENABLE_USER_SCRIPT_SANDBOXING = NO;
				GCC_C_LANGUAGE_STANDARD = gnu17;
				GCC_DYNAMIC_NO_PIC = NO;
				GCC_NO_COMMON_BLOCKS = YES;
				GCC_OPTIMIZATION_LEVEL = 0;
				GCC_PREPROCESSOR_DEFINITIONS = (
					"DEBUG=1",
					"$(inherited)",
				);
				GCC_WARN_64_TO_32_BIT_CONVERSION = YES;
				GCC_WARN_ABOUT_RETURN_TYPE = YES_ERROR;
				GCC_WARN_UNDECLARED_SELECTOR = YES;
				GCC_WARN_UNINITIALIZED_AUTOS = YES_AGGRESSIVE;
				GCC_WARN_UNUSED_FUNCTION = YES;
				GCC_WARN_UNUSED_VARIABLE = YES;
				IPHONEOS_DEPLOYMENT_TARGET = 16.2;
				LOCALIZATION_PREFERS_STRING_CATALOGS = YES;
				MTL_ENABLE_DEBUG_INFO = INCLUDE_SOURCE;
				MTL_FAST_MATH = YES;
				ONLY_ACTIVE_ARCH = YES;
				SDKROOT = iphoneos;
				SWIFT_ACTIVE_COMPILATION_CONDITIONS = "DEBUG $(inherited)";
				SWIFT_OPTIMIZATION_LEVEL = "-Onone";
			};
			name = Debug;
		};
		5EF75DE82AC707BD001834BE /* Release */ = {
			isa = XCBuildConfiguration;
			buildSettings = {
				ALWAYS_SEARCH_USER_PATHS = NO;
				ASSETCATALOG_COMPILER_GENERATE_SWIFT_ASSET_SYMBOL_EXTENSIONS = YES;
				CLANG_ANALYZER_NONNULL = YES;
				CLANG_ANALYZER_NUMBER_OBJECT_CONVERSION = YES_AGGRESSIVE;
				CLANG_CXX_LANGUAGE_STANDARD = "gnu++20";
				CLANG_ENABLE_MODULES = YES;
				CLANG_ENABLE_OBJC_ARC = YES;
				CLANG_ENABLE_OBJC_WEAK = YES;
				CLANG_WARN_BLOCK_CAPTURE_AUTORELEASING = YES;
				CLANG_WARN_BOOL_CONVERSION = YES;
				CLANG_WARN_COMMA = YES;
				CLANG_WARN_CONSTANT_CONVERSION = YES;
				CLANG_WARN_DEPRECATED_OBJC_IMPLEMENTATIONS = YES;
				CLANG_WARN_DIRECT_OBJC_ISA_USAGE = YES_ERROR;
				CLANG_WARN_DOCUMENTATION_COMMENTS = YES;
				CLANG_WARN_EMPTY_BODY = YES;
				CLANG_WARN_ENUM_CONVERSION = YES;
				CLANG_WARN_INFINITE_RECURSION = YES;
				CLANG_WARN_INT_CONVERSION = YES;
				CLANG_WARN_NON_LITERAL_NULL_CONVERSION = YES;
				CLANG_WARN_OBJC_IMPLICIT_RETAIN_SELF = YES;
				CLANG_WARN_OBJC_LITERAL_CONVERSION = YES;
				CLANG_WARN_OBJC_ROOT_CLASS = YES_ERROR;
				CLANG_WARN_QUOTED_INCLUDE_IN_FRAMEWORK_HEADER = YES;
				CLANG_WARN_RANGE_LOOP_ANALYSIS = YES;
				CLANG_WARN_STRICT_PROTOTYPES = YES;
				CLANG_WARN_SUSPICIOUS_MOVE = YES;
				CLANG_WARN_UNGUARDED_AVAILABILITY = YES_AGGRESSIVE;
				CLANG_WARN_UNREACHABLE_CODE = YES;
				CLANG_WARN__DUPLICATE_METHOD_MATCH = YES;
				COPY_PHASE_STRIP = NO;
				DEBUG_INFORMATION_FORMAT = "dwarf-with-dsym";
				ENABLE_NS_ASSERTIONS = NO;
				ENABLE_STRICT_OBJC_MSGSEND = YES;
				ENABLE_USER_SCRIPT_SANDBOXING = NO;
				GCC_C_LANGUAGE_STANDARD = gnu17;
				GCC_NO_COMMON_BLOCKS = YES;
				GCC_WARN_64_TO_32_BIT_CONVERSION = YES;
				GCC_WARN_ABOUT_RETURN_TYPE = YES_ERROR;
				GCC_WARN_UNDECLARED_SELECTOR = YES;
				GCC_WARN_UNINITIALIZED_AUTOS = YES_AGGRESSIVE;
				GCC_WARN_UNUSED_FUNCTION = YES;
				GCC_WARN_UNUSED_VARIABLE = YES;
				IPHONEOS_DEPLOYMENT_TARGET = 16.2;
				LOCALIZATION_PREFERS_STRING_CATALOGS = YES;
				MTL_ENABLE_DEBUG_INFO = NO;
				MTL_FAST_MATH = YES;
				SDKROOT = iphoneos;
				SWIFT_COMPILATION_MODE = wholemodule;
				VALIDATE_PRODUCT = YES;
			};
			name = Release;
		};
		5EF75DEA2AC707BD001834BE /* Debug */ = {
			isa = XCBuildConfiguration;
			buildSettings = {
				ASSETCATALOG_COMPILER_APPICON_NAME = AppIcon;
				ASSETCATALOG_COMPILER_GLOBAL_ACCENT_COLOR_NAME = AccentColor;
				"CODE_SIGN_IDENTITY[sdk=iphoneos*]" = "iPhone Developer";
				CODE_SIGN_STYLE = Manual;
				CURRENT_PROJECT_VERSION = 1;
				DEVELOPMENT_ASSET_PATHS = "\"Rutoken Tech/Preview Content\"";
				DEVELOPMENT_TEAM = "";
				"DEVELOPMENT_TEAM[sdk=iphoneos*]" = TRCKC8GFT7;
				ENABLE_PREVIEWS = YES;
				GENERATE_INFOPLIST_FILE = YES;
				HEADER_SEARCH_PATHS = $CONFIGURATION_BUILD_DIR/rtpkcs11ecp.framework/Headers/;
				INFOPLIST_KEY_UIApplicationSceneManifest_Generation = YES;
				INFOPLIST_KEY_UIApplicationSupportsIndirectInputEvents = YES;
				INFOPLIST_KEY_UILaunchScreen_Generation = YES;
				INFOPLIST_KEY_UISupportedInterfaceOrientations_iPad = "UIInterfaceOrientationPortrait UIInterfaceOrientationPortraitUpsideDown UIInterfaceOrientationLandscapeLeft UIInterfaceOrientationLandscapeRight";
				INFOPLIST_KEY_UISupportedInterfaceOrientations_iPhone = "UIInterfaceOrientationPortrait UIInterfaceOrientationLandscapeLeft UIInterfaceOrientationLandscapeRight";
				LD_RUNPATH_SEARCH_PATHS = (
					"$(inherited)",
					"@executable_path/Frameworks",
				);
				MARKETING_VERSION = 1.0;
				PRODUCT_BUNDLE_IDENTIFIER = "ru.rutoken.Rutoken-Tech";
				PRODUCT_NAME = "$(TARGET_NAME)";
				"PROVISIONING_PROFILE_SPECIFIER[sdk=iphoneos*]" = "match Development ru.rutoken.Rutoken-Tech";
				SUPPORTED_PLATFORMS = "iphoneos iphonesimulator";
				SUPPORTS_MACCATALYST = NO;
				SUPPORTS_MAC_DESIGNED_FOR_IPHONE_IPAD = NO;
				SWIFT_EMIT_LOC_STRINGS = YES;
				SWIFT_OBJC_BRIDGING_HEADER = "$(PROJECT_DIR)/$(PRODUCT_NAME)/$(PRODUCT_MODULE_NAME)-Bridging-Header.h";
				SWIFT_VERSION = 5.0;
				TARGETED_DEVICE_FAMILY = "1,2";
			};
			name = Debug;
		};
		5EF75DEB2AC707BD001834BE /* Release */ = {
			isa = XCBuildConfiguration;
			buildSettings = {
				ASSETCATALOG_COMPILER_APPICON_NAME = AppIcon;
				ASSETCATALOG_COMPILER_GLOBAL_ACCENT_COLOR_NAME = AccentColor;
				"CODE_SIGN_IDENTITY[sdk=iphoneos*]" = "iPhone Developer";
				CODE_SIGN_STYLE = Manual;
				CURRENT_PROJECT_VERSION = 1;
				DEVELOPMENT_ASSET_PATHS = "\"Rutoken Tech/Preview Content\"";
				DEVELOPMENT_TEAM = "";
				"DEVELOPMENT_TEAM[sdk=iphoneos*]" = TRCKC8GFT7;
				ENABLE_PREVIEWS = YES;
				GENERATE_INFOPLIST_FILE = YES;
				HEADER_SEARCH_PATHS = $CONFIGURATION_BUILD_DIR/rtpkcs11ecp.framework/Headers/;
				INFOPLIST_KEY_UIApplicationSceneManifest_Generation = YES;
				INFOPLIST_KEY_UIApplicationSupportsIndirectInputEvents = YES;
				INFOPLIST_KEY_UILaunchScreen_Generation = YES;
				INFOPLIST_KEY_UISupportedInterfaceOrientations_iPad = "UIInterfaceOrientationPortrait UIInterfaceOrientationPortraitUpsideDown UIInterfaceOrientationLandscapeLeft UIInterfaceOrientationLandscapeRight";
				INFOPLIST_KEY_UISupportedInterfaceOrientations_iPhone = "UIInterfaceOrientationPortrait UIInterfaceOrientationLandscapeLeft UIInterfaceOrientationLandscapeRight";
				LD_RUNPATH_SEARCH_PATHS = (
					"$(inherited)",
					"@executable_path/Frameworks",
				);
				MARKETING_VERSION = 1.0;
				PRODUCT_BUNDLE_IDENTIFIER = "ru.rutoken.Rutoken-Tech";
				PRODUCT_NAME = "$(TARGET_NAME)";
				"PROVISIONING_PROFILE_SPECIFIER[sdk=iphoneos*]" = "match Development ru.rutoken.Rutoken-Tech";
				SUPPORTED_PLATFORMS = "iphoneos iphonesimulator";
				SUPPORTS_MACCATALYST = NO;
				SUPPORTS_MAC_DESIGNED_FOR_IPHONE_IPAD = NO;
				SWIFT_EMIT_LOC_STRINGS = YES;
				SWIFT_OBJC_BRIDGING_HEADER = "$(PROJECT_DIR)/$(PRODUCT_NAME)/$(PRODUCT_MODULE_NAME)-Bridging-Header.h";
				SWIFT_VERSION = 5.0;
				TARGETED_DEVICE_FAMILY = "1,2";
			};
			name = Release;
		};
		D4B130C02B0E379900AD390F /* Debug */ = {
			isa = XCBuildConfiguration;
			buildSettings = {
				BUNDLE_LOADER = "$(TEST_HOST)";
				CODE_SIGN_STYLE = Automatic;
				CURRENT_PROJECT_VERSION = 1;
				DEVELOPMENT_TEAM = TRCKC8GFT7;
				ENABLE_USER_SCRIPT_SANDBOXING = YES;
				GENERATE_INFOPLIST_FILE = YES;
				HEADER_SEARCH_PATHS = $CONFIGURATION_BUILD_DIR/rtpkcs11ecp.framework/Headers/;
				IPHONEOS_DEPLOYMENT_TARGET = 16.2;
				MARKETING_VERSION = 1.0;
				PRODUCT_BUNDLE_IDENTIFIER = "ru.rutoken.Rutoken-Tech-Tests";
				PRODUCT_NAME = "$(TARGET_NAME)";
				SWIFT_EMIT_LOC_STRINGS = NO;
				SWIFT_VERSION = 5.0;
				TARGETED_DEVICE_FAMILY = "1,2";
				TEST_HOST = "$(BUILT_PRODUCTS_DIR)/Rutoken Tech.app/$(BUNDLE_EXECUTABLE_FOLDER_PATH)/Rutoken Tech";
			};
			name = Debug;
		};
		D4B130C12B0E379900AD390F /* Release */ = {
			isa = XCBuildConfiguration;
			buildSettings = {
				BUNDLE_LOADER = "$(TEST_HOST)";
				CODE_SIGN_STYLE = Automatic;
				CURRENT_PROJECT_VERSION = 1;
				DEVELOPMENT_TEAM = TRCKC8GFT7;
				ENABLE_USER_SCRIPT_SANDBOXING = YES;
				GENERATE_INFOPLIST_FILE = YES;
				HEADER_SEARCH_PATHS = $CONFIGURATION_BUILD_DIR/rtpkcs11ecp.framework/Headers/;
				IPHONEOS_DEPLOYMENT_TARGET = 16.2;
				MARKETING_VERSION = 1.0;
				PRODUCT_BUNDLE_IDENTIFIER = "ru.rutoken.Rutoken-Tech-Tests";
				PRODUCT_NAME = "$(TARGET_NAME)";
				SWIFT_EMIT_LOC_STRINGS = NO;
				SWIFT_VERSION = 5.0;
				TARGETED_DEVICE_FAMILY = "1,2";
				TEST_HOST = "$(BUILT_PRODUCTS_DIR)/Rutoken Tech.app/$(BUNDLE_EXECUTABLE_FOLDER_PATH)/Rutoken Tech";
			};
			name = Release;
		};
/* End XCBuildConfiguration section */

/* Begin XCConfigurationList section */
		5EF75DD62AC707BC001834BE /* Build configuration list for PBXProject "Rutoken Tech" */ = {
			isa = XCConfigurationList;
			buildConfigurations = (
				5EF75DE72AC707BD001834BE /* Debug */,
				5EF75DE82AC707BD001834BE /* Release */,
			);
			defaultConfigurationIsVisible = 0;
			defaultConfigurationName = Release;
		};
		5EF75DE92AC707BD001834BE /* Build configuration list for PBXNativeTarget "Rutoken Tech" */ = {
			isa = XCConfigurationList;
			buildConfigurations = (
				5EF75DEA2AC707BD001834BE /* Debug */,
				5EF75DEB2AC707BD001834BE /* Release */,
			);
			defaultConfigurationIsVisible = 0;
			defaultConfigurationName = Release;
		};
		D4B130C22B0E379900AD390F /* Build configuration list for PBXNativeTarget "Rutoken Tech Tests" */ = {
			isa = XCConfigurationList;
			buildConfigurations = (
				D4B130C02B0E379900AD390F /* Debug */,
				D4B130C12B0E379900AD390F /* Release */,
			);
			defaultConfigurationIsVisible = 0;
			defaultConfigurationName = Release;
		};
/* End XCConfigurationList section */

/* Begin XCRemoteSwiftPackageReference section */
		5ED8B92A2ACD8EA100BCFC20 /* XCRemoteSwiftPackageReference "tiny-redux" */ = {
			isa = XCRemoteSwiftPackageReference;
			repositoryURL = "git@scm.aktivco.ru:rutoken/dev/ios-projects/swift-packages/tiny-redux.git";
			requirement = {
				kind = exactVersion;
				version = 4.0.0;
			};
		};
		5ED8B92D2ACD8F1D00BCFC20 /* XCRemoteSwiftPackageReference "FlowStacks" */ = {
			isa = XCRemoteSwiftPackageReference;
			repositoryURL = "https://github.com/johnpatrickmorgan/FlowStacks.git";
			requirement = {
				kind = exactVersion;
				version = 0.3.2;
			};
		};
		5ED8B9302ACD8FAC00BCFC20 /* XCRemoteSwiftPackageReference "rt-pkcs11ecp" */ = {
			isa = XCRemoteSwiftPackageReference;
			repositoryURL = "git@scm.aktivco.ru:rutoken/dev/ios-projects/swift-packages/rt-pkcs11ecp.git";
			requirement = {
				kind = revision;
				revision = 3e350bab7fa61bfe8a1a89f012525c52b6f3610e;
			};
		};
		5ED8B9332ACD8FD100BCFC20 /* XCRemoteSwiftPackageReference "rt-engine" */ = {
			isa = XCRemoteSwiftPackageReference;
			repositoryURL = "git@scm.aktivco.ru:rutoken/dev/ios-projects/swift-packages/rt-engine.git";
			requirement = {
				kind = revision;
				revision = 247554eea1185dc6761d902a93ee65787b09decf;
			};
		};
		5ED8B9362ACD996100BCFC20 /* XCRemoteSwiftPackageReference "openssl-xcframework" */ = {
			isa = XCRemoteSwiftPackageReference;
			repositoryURL = "git@scm.aktivco.ru:rutoken/dev/ios-projects/swift-packages/openssl-xcframework.git";
			requirement = {
				kind = revision;
				revision = 5383153db995ede4e40e6331b1f31347c8d74b1b;
			};
		};
		5ED8B9392ACDA1C300BCFC20 /* XCRemoteSwiftPackageReference "rt-pcsc" */ = {
			isa = XCRemoteSwiftPackageReference;
			repositoryURL = "git@scm.aktivco.ru:rutoken/dev/ios-projects/swift-packages/rt-pcsc.git";
			requirement = {
				kind = exactVersion;
				version = 5.1.0;
			};
		};
/* End XCRemoteSwiftPackageReference section */

/* Begin XCSwiftPackageProductDependency section */
		5ED8B92B2ACD8EA100BCFC20 /* TinyAsyncRedux */ = {
			isa = XCSwiftPackageProductDependency;
			package = 5ED8B92A2ACD8EA100BCFC20 /* XCRemoteSwiftPackageReference "tiny-redux" */;
			productName = TinyAsyncRedux;
		};
		5ED8B92E2ACD8F1D00BCFC20 /* FlowStacks */ = {
			isa = XCSwiftPackageProductDependency;
			package = 5ED8B92D2ACD8F1D00BCFC20 /* XCRemoteSwiftPackageReference "FlowStacks" */;
			productName = FlowStacks;
		};
		5ED8B9312ACD8FAC00BCFC20 /* rtpkcs11ecp */ = {
			isa = XCSwiftPackageProductDependency;
			package = 5ED8B9302ACD8FAC00BCFC20 /* XCRemoteSwiftPackageReference "rt-pkcs11ecp" */;
			productName = rtpkcs11ecp;
		};
		5ED8B9342ACD8FD100BCFC20 /* rtengine */ = {
			isa = XCSwiftPackageProductDependency;
			package = 5ED8B9332ACD8FD100BCFC20 /* XCRemoteSwiftPackageReference "rt-engine" */;
			productName = rtengine;
		};
		5ED8B9372ACD996100BCFC20 /* openssl */ = {
			isa = XCSwiftPackageProductDependency;
			package = 5ED8B9362ACD996100BCFC20 /* XCRemoteSwiftPackageReference "openssl-xcframework" */;
			productName = openssl;
		};
		5ED8B93A2ACDA1C300BCFC20 /* RtPcsc */ = {
			isa = XCSwiftPackageProductDependency;
			package = 5ED8B9392ACDA1C300BCFC20 /* XCRemoteSwiftPackageReference "rt-pcsc" */;
			productName = RtPcsc;
		};
/* End XCSwiftPackageProductDependency section */
	};
	rootObject = 5EF75DD32AC707BC001834BE /* Project object */;
}
