// !$*UTF8*$!
{
	archiveVersion = 1;
	classes = {
	};
	objectVersion = 56;
	objects = {

/* Begin PBXBuildFile section */
		4413CFAF2B590379000987A8 /* Rutoken_Tech-Bridging-Header.m in Sources */ = {isa = PBXBuildFile; fileRef = 4413CFAE2B590379000987A8 /* Rutoken_Tech-Bridging-Header.m */; };
		4413CFB22B592EDE000987A8 /* String+hasCyrillic.swift in Sources */ = {isa = PBXBuildFile; fileRef = 4413CFB12B592EDE000987A8 /* String+hasCyrillic.swift */; };
		4413CFB42B592F13000987A8 /* String+isNumber.swift in Sources */ = {isa = PBXBuildFile; fileRef = 4413CFB32B592F13000987A8 /* String+isNumber.swift */; };
		4413CFB82B597206000987A8 /* OpenSslHelperMock.swift in Sources */ = {isa = PBXBuildFile; fileRef = 4413CFB72B597206000987A8 /* OpenSslHelperMock.swift */; };
		441658472B5988F000225948 /* WrappedPointer.swift in Sources */ = {isa = PBXBuildFile; fileRef = 441658462B5988F000225948 /* WrappedPointer.swift */; };
		4416A2772B70F9A500645800 /* View+InfoListStyle.swift in Sources */ = {isa = PBXBuildFile; fileRef = 4416A2762B70F9A500645800 /* View+InfoListStyle.swift */; };
		4416A27A2B70F9F600645800 /* View+createLabel.swift in Sources */ = {isa = PBXBuildFile; fileRef = 4416A2792B70F9F600645800 /* View+createLabel.swift */; };
		44251E6E2B8CD52400ADAA0D /* WrappedX509.swift in Sources */ = {isa = PBXBuildFile; fileRef = 44251E6D2B8CD52400ADAA0D /* WrappedX509.swift */; };
		443076EF2B1F2D5E0073B406 /* String+getFrom.swift in Sources */ = {isa = PBXBuildFile; fileRef = 443076EE2B1F2D5E0073B406 /* String+getFrom.swift */; };
		44416B2C2B552CCE00EC5F66 /* OpenSslHelper.swift in Sources */ = {isa = PBXBuildFile; fileRef = 44416B2B2B552CCE00EC5F66 /* OpenSslHelper.swift */; };
		44416B2F2B555F4500EC5F66 /* CertRequest.swift in Sources */ = {isa = PBXBuildFile; fileRef = 44416B2E2B555F4500EC5F66 /* CertRequest.swift */; };
		4443EA0B2B96F5160003436D /* KeyAlgorithm.swift in Sources */ = {isa = PBXBuildFile; fileRef = 4443EA0A2B96F5160003436D /* KeyAlgorithm.swift */; };
		4443EA0D2B96F59A0003436D /* KeyAlgorithm+description.swift in Sources */ = {isa = PBXBuildFile; fileRef = 4443EA0C2B96F59A0003436D /* KeyAlgorithm+description.swift */; };
		444D9F5C2B8DECC600C1EB0B /* Date+getString.swift in Sources */ = {isa = PBXBuildFile; fileRef = 444D9F5B2B8DECC600C1EB0B /* Date+getString.swift */; };
		444D9F5F2B8E087E00C1EB0B /* RtUiComponents in Frameworks */ = {isa = PBXBuildFile; productRef = 444D9F5E2B8E087E00C1EB0B /* RtUiComponents */; };
		4464FAA82B359ED5005F732F /* Pkcs11Object.swift in Sources */ = {isa = PBXBuildFile; fileRef = 4464FAA72B359ED5005F732F /* Pkcs11Object.swift */; };
		44675E792B14982A00DF87A1 /* RtEngineWrapper.swift in Sources */ = {isa = PBXBuildFile; fileRef = 44675E782B14982A00DF87A1 /* RtEngineWrapper.swift */; };
		4469F7882B34512E000DCF8B /* AttributeType.swift in Sources */ = {isa = PBXBuildFile; fileRef = 4469F7872B34512E000DCF8B /* AttributeType.swift */; };
		446E136C2B85D3AC0060ECEE /* OnPerformReadCerts.swift in Sources */ = {isa = PBXBuildFile; fileRef = 446E136B2B85D3AC0060ECEE /* OnPerformReadCerts.swift */; };
		446F71042B62511F00684E0D /* FileHelperMock.swift in Sources */ = {isa = PBXBuildFile; fileRef = 446F71032B62511F00684E0D /* FileHelperMock.swift */; };
		446F71062B6271C400684E0D /* OnPerformGenCert.swift in Sources */ = {isa = PBXBuildFile; fileRef = 446F71052B6271C400684E0D /* OnPerformGenCert.swift */; };
		447AFBAA2B205A7000A53B0C /* ConnectionType.swift in Sources */ = {isa = PBXBuildFile; fileRef = 447AFBA92B205A7000A53B0C /* ConnectionType.swift */; };
		4483F18C2B7A29420039EF3F /* OnStartMonitoring.swift in Sources */ = {isa = PBXBuildFile; fileRef = 4483F18B2B7A29420039EF3F /* OnStartMonitoring.swift */; };
		4483F18E2B7A4F4A0039EF3F /* StartMonitoringTests.swift in Sources */ = {isa = PBXBuildFile; fileRef = 4483F18D2B7A4F4A0039EF3F /* StartMonitoringTests.swift */; };
		44868B092B87306D00EA274D /* EnumerateCertsTests.swift in Sources */ = {isa = PBXBuildFile; fileRef = 44868B082B87306D00EA274D /* EnumerateCertsTests.swift */; };
		44A415042B60F67600D78653 /* FileHelper.swift in Sources */ = {isa = PBXBuildFile; fileRef = 44A415032B60F67600D78653 /* FileHelper.swift */; };
		44A415252B6106AD00D78653 /* bank.key in Resources */ = {isa = PBXBuildFile; fileRef = 44A415212B6106AD00D78653 /* bank.key */; };
		44A415262B6106AD00D78653 /* ca.key in Resources */ = {isa = PBXBuildFile; fileRef = 44A415222B6106AD00D78653 /* ca.key */; };
		44A415272B6106AD00D78653 /* bank.pem in Resources */ = {isa = PBXBuildFile; fileRef = 44A415232B6106AD00D78653 /* bank.pem */; };
		44A415282B6106AD00D78653 /* ca.pem in Resources */ = {isa = PBXBuildFile; fileRef = 44A415242B6106AD00D78653 /* ca.pem */; };
		44B4A81C2B6CD15D00E59F63 /* AboutAppView.swift in Sources */ = {isa = PBXBuildFile; fileRef = 44B4A81B2B6CD15D00E59F63 /* AboutAppView.swift */; };
		44E9C0402B837F250001E63F /* CertView.swift in Sources */ = {isa = PBXBuildFile; fileRef = 44E9C03F2B837F250001E63F /* CertView.swift */; };
		44E9C0422B837FA90001E63F /* CertModel.swift in Sources */ = {isa = PBXBuildFile; fileRef = 44E9C0412B837FA90001E63F /* CertModel.swift */; };
		44E9C0442B83866A0001E63F /* CertListView.swift in Sources */ = {isa = PBXBuildFile; fileRef = 44E9C0432B83866A0001E63F /* CertListView.swift */; };
		44E9C0462B8387A20001E63F /* BankCertListState.swift in Sources */ = {isa = PBXBuildFile; fileRef = 44E9C0452B8387A20001E63F /* BankCertListState.swift */; };
		44EED1B62B1F115B0036F8DA /* TokenMock.swift in Sources */ = {isa = PBXBuildFile; fileRef = 44EED1B52B1F115B0036F8DA /* TokenMock.swift */; };
		44F0323A2B5125BC00466080 /* Pkcs11ObjectMock.swift in Sources */ = {isa = PBXBuildFile; fileRef = 44F032392B5125BC00466080 /* Pkcs11ObjectMock.swift */; };
		5E7331A72B6D71D400E96C06 /* Pkcs11Session.swift in Sources */ = {isa = PBXBuildFile; fileRef = 5E7331A62B6D71D400E96C06 /* Pkcs11Session.swift */; };
		5ED8B92C2ACD8EA100BCFC20 /* TinyAsyncRedux in Frameworks */ = {isa = PBXBuildFile; productRef = 5ED8B92B2ACD8EA100BCFC20 /* TinyAsyncRedux */; };
		5ED8B9322ACD8FAC00BCFC20 /* rtpkcs11ecp in Frameworks */ = {isa = PBXBuildFile; productRef = 5ED8B9312ACD8FAC00BCFC20 /* rtpkcs11ecp */; };
		5ED8B9352ACD8FD100BCFC20 /* rtengine in Frameworks */ = {isa = PBXBuildFile; productRef = 5ED8B9342ACD8FD100BCFC20 /* rtengine */; };
		5ED8B9382ACD996100BCFC20 /* openssl in Frameworks */ = {isa = PBXBuildFile; productRef = 5ED8B9372ACD996100BCFC20 /* openssl */; };
		5EF30EDE2B1A823700E48627 /* OnPerformTokenConnection.swift in Sources */ = {isa = PBXBuildFile; fileRef = 5EF30EDD2B1A823700E48627 /* OnPerformTokenConnection.swift */; };
		5EF30EE02B1A840800E48627 /* TokenInterface.swift in Sources */ = {isa = PBXBuildFile; fileRef = D4B130D72B0E4F8200AD390F /* TokenInterface.swift */; };
		5EF75DDF2AC707BD001834BE /* RutokenTechApp.swift in Sources */ = {isa = PBXBuildFile; fileRef = 5EF75DDE2AC707BD001834BE /* RutokenTechApp.swift */; };
		5EF75DE12AC707BD001834BE /* RootView.swift in Sources */ = {isa = PBXBuildFile; fileRef = 5EF75DE02AC707BD001834BE /* RootView.swift */; };
		5EF75DE32AC707BD001834BE /* Assets.xcassets in Resources */ = {isa = PBXBuildFile; fileRef = 5EF75DE22AC707BD001834BE /* Assets.xcassets */; };
		5EF75DE62AC707BD001834BE /* Preview Assets.xcassets in Resources */ = {isa = PBXBuildFile; fileRef = 5EF75DE52AC707BD001834BE /* Preview Assets.xcassets */; };
		7D2021472AEC16E8003E2B73 /* IpadRootView.swift in Sources */ = {isa = PBXBuildFile; fileRef = 7D2021462AEC16E8003E2B73 /* IpadRootView.swift */; };
		7D28BD822B3082990079AE1C /* CaGenerateKeyPairState.swift in Sources */ = {isa = PBXBuildFile; fileRef = 7D28BD812B3082990079AE1C /* CaGenerateKeyPairState.swift */; };
		7D28BD842B3083460079AE1C /* CaGenerateKeyPairView.swift in Sources */ = {isa = PBXBuildFile; fileRef = 7D28BD832B3083460079AE1C /* CaGenerateKeyPairView.swift */; };
		7D38D6DA2B0E2C190045FBAD /* AppState.swift in Sources */ = {isa = PBXBuildFile; fileRef = 7D38D6D92B0E2C190045FBAD /* AppState.swift */; };
		7D38D6DC2B0E2D3F0045FBAD /* AppAction.swift in Sources */ = {isa = PBXBuildFile; fileRef = 7D38D6DB2B0E2D3F0045FBAD /* AppAction.swift */; };
		7D38D6E02B0E33780045FBAD /* AppReducer.swift in Sources */ = {isa = PBXBuildFile; fileRef = 7D38D6DF2B0E33780045FBAD /* AppReducer.swift */; };
		7D4335892B5567A700A0336A /* String+generateID.swift in Sources */ = {isa = PBXBuildFile; fileRef = 7D4335882B5567A700A0336A /* String+generateID.swift */; };
		7D5145412AFBD1DB004B6947 /* CaEntryView.swift in Sources */ = {isa = PBXBuildFile; fileRef = 7D5145402AFBD1DB004B6947 /* CaEntryView.swift */; };
		7D9D3C152B3C1DBF00BF2EE1 /* OnPerformGenKeyPair.swift in Sources */ = {isa = PBXBuildFile; fileRef = 7D9D3C142B3C1DBF00BF2EE1 /* OnPerformGenKeyPair.swift */; };
		7D9D3C1B2B3C76F000BF2EE1 /* EnumerateKeysTests.swift in Sources */ = {isa = PBXBuildFile; fileRef = 7D9D3C1A2B3C76F000BF2EE1 /* EnumerateKeysTests.swift */; };
		7D9E5A602B0BA55E00E2EAB7 /* ConnectedTokenState.swift in Sources */ = {isa = PBXBuildFile; fileRef = 7D9E5A5F2B0BA55E00E2EAB7 /* ConnectedTokenState.swift */; };
		7DACCE262B569CCF00FB3F2C /* CreateCertTests.swift in Sources */ = {isa = PBXBuildFile; fileRef = 7DACCE252B569CCF00FB3F2C /* CreateCertTests.swift */; };
		7DAF6E762AFA362A003A57D1 /* UIDevice+isPhone.swift in Sources */ = {isa = PBXBuildFile; fileRef = 7DAF6E752AFA362A003A57D1 /* UIDevice+isPhone.swift */; };
		7DCC9AF12B3B2C9A002788B5 /* KeyModel.swift in Sources */ = {isa = PBXBuildFile; fileRef = 7DCC9AF02B3B2C9A002788B5 /* KeyModel.swift */; };
		7DEBBDD62B3B1FCE00C35BA5 /* WithTokenTests.swift in Sources */ = {isa = PBXBuildFile; fileRef = 7DEBBDD52B3B1FCE00C35BA5 /* WithTokenTests.swift */; };
		D42178032B1F0EAF00D08948 /* RoutingState.swift in Sources */ = {isa = PBXBuildFile; fileRef = D42178022B1F0EAF00D08948 /* RoutingState.swift */; };
		D42178192B205FD700D08948 /* AppAlert.swift in Sources */ = {isa = PBXBuildFile; fileRef = D42178182B205FD700D08948 /* AppAlert.swift */; };
		D423F8BF2B3574BB0058ECDE /* GetTokenInfoTests.swift in Sources */ = {isa = PBXBuildFile; fileRef = D423F8BE2B3574BB0058ECDE /* GetTokenInfoTests.swift */; };
		D423F8C12B3574EC0058ECDE /* GenerateKeyPairTests.swift in Sources */ = {isa = PBXBuildFile; fileRef = D423F8C02B3574EC0058ECDE /* GenerateKeyPairTests.swift */; };
		D433144A2B767E2700442809 /* OnHandleOpenLink.swift in Sources */ = {isa = PBXBuildFile; fileRef = D43314492B767E2600442809 /* OnHandleOpenLink.swift */; };
		D433144C2B76848900442809 /* LinkType.swift in Sources */ = {isa = PBXBuildFile; fileRef = D433144B2B76848900442809 /* LinkType.swift */; };
		D437117D2B67A70A00441FBC /* SizeReaderViewModifier.swift in Sources */ = {isa = PBXBuildFile; fileRef = D437117C2B67A70A00441FBC /* SizeReaderViewModifier.swift */; };
		D44997F32AEA6F2100B0AB64 /* IphoneRootView.swift in Sources */ = {isa = PBXBuildFile; fileRef = D44997F22AEA6F2100B0AB64 /* IphoneRootView.swift */; };
		D44997F62AEA796E00B0AB64 /* RtAppTab.swift in Sources */ = {isa = PBXBuildFile; fileRef = D44997F52AEA796E00B0AB64 /* RtAppTab.swift */; };
		D453F5F52B8CD8F1008DD9E1 /* OnSaveTokenPin.swift in Sources */ = {isa = PBXBuildFile; fileRef = D453F5F42B8CD8F1008DD9E1 /* OnSaveTokenPin.swift */; };
		D453F5F72B8CD94D008DD9E1 /* PinCodeManager.swift in Sources */ = {isa = PBXBuildFile; fileRef = D453F5F62B8CD94D008DD9E1 /* PinCodeManager.swift */; };
		D453F5FA2B8F2760008DD9E1 /* RutokenKeychainManager in Frameworks */ = {isa = PBXBuildFile; productRef = D453F5F92B8F2760008DD9E1 /* RutokenKeychainManager */; };
		D453F5FC2B9074E8008DD9E1 /* OnGetTokenPin.swift in Sources */ = {isa = PBXBuildFile; fileRef = D453F5FB2B9074E8008DD9E1 /* OnGetTokenPin.swift */; };
		D455FCAE2B63CFF000E1EFFD /* CaEmptyKeysCertView.swift in Sources */ = {isa = PBXBuildFile; fileRef = D455FCAD2B63CFF000E1EFFD /* CaEmptyKeysCertView.swift */; };
		D47302C32B91E07F0049E8F8 /* PinCodeManagerTests.swift in Sources */ = {isa = PBXBuildFile; fileRef = D47302C22B91E07F0049E8F8 /* PinCodeManagerTests.swift */; };
		D47302C52B91E2000049E8F8 /* KeychainManagerMock.swift in Sources */ = {isa = PBXBuildFile; fileRef = D47302C42B91E2000049E8F8 /* KeychainManagerMock.swift */; };
		D49953BE2B55209E00E62B5B /* CaCertGenView.swift in Sources */ = {isa = PBXBuildFile; fileRef = D49953BD2B55209E00E62B5B /* CaCertGenView.swift */; };
		D49953C52B58343200E62B5B /* CaGenerateCertState.swift in Sources */ = {isa = PBXBuildFile; fileRef = D49953C42B58343200E62B5B /* CaGenerateCertState.swift */; };
		D4B130A82B0CFD2F00AD390F /* CryptoManager.swift in Sources */ = {isa = PBXBuildFile; fileRef = D4B130A72B0CFD2F00AD390F /* CryptoManager.swift */; };
		D4B130AB2B0CFD7300AD390F /* TokenInfo.swift in Sources */ = {isa = PBXBuildFile; fileRef = D4B130AA2B0CFD7300AD390F /* TokenInfo.swift */; };
		D4B130B02B0CFFCD00AD390F /* TokenModel.swift in Sources */ = {isa = PBXBuildFile; fileRef = D4B130AF2B0CFFCD00AD390F /* TokenModel.swift */; };
		D4B130B32B0DD52A00AD390F /* Token.swift in Sources */ = {isa = PBXBuildFile; fileRef = D4B130B22B0DD52A00AD390F /* Token.swift */; };
		D4B130B52B0DDB2200AD390F /* Pkcs11Helper.swift in Sources */ = {isa = PBXBuildFile; fileRef = D4B130B42B0DDB2200AD390F /* Pkcs11Helper.swift */; };
		D4B130C72B0E37F200AD390F /* Pkcs11HelperMock.swift in Sources */ = {isa = PBXBuildFile; fileRef = D4B130C62B0E37F200AD390F /* Pkcs11HelperMock.swift */; };
		D4B130D32B0E3EDE00AD390F /* XCTestCase+AssertSpecificError.swift in Sources */ = {isa = PBXBuildFile; fileRef = D4B130D22B0E3EDE00AD390F /* XCTestCase+AssertSpecificError.swift */; };
		D4B130D62B0E4F2400AD390F /* PcscHelper.swift in Sources */ = {isa = PBXBuildFile; fileRef = D4B130D52B0E4F2400AD390F /* PcscHelper.swift */; };
		D4B130DA2B0E51FE00AD390F /* PcscHelperMock.swift in Sources */ = {isa = PBXBuildFile; fileRef = D4B130D92B0E51FE00AD390F /* PcscHelperMock.swift */; };
		D4C38F3A2B84CADE00BA50EC /* HeaderTitleView.swift in Sources */ = {isa = PBXBuildFile; fileRef = D4C38F392B84CADE00BA50EC /* HeaderTitleView.swift */; };
		D4D46A0F2B3038F60005981A /* Atomic+propertywrapper.swift in Sources */ = {isa = PBXBuildFile; fileRef = D4D46A0E2B3038F60005981A /* Atomic+propertywrapper.swift */; };
		D4D9C9DA2B2306F900DA702C /* RtPcscWrapper in Frameworks */ = {isa = PBXBuildFile; productRef = D4D9C9D92B2306F900DA702C /* RtPcscWrapper */; };
		D4DC1FCF2B61669800D53AE6 /* String+createPointer.swift in Sources */ = {isa = PBXBuildFile; fileRef = D4DC1FCE2B61669800D53AE6 /* String+createPointer.swift */; };
		D4F27DD32B6A5752003D8AE6 /* Bundle+readInfo.swift in Sources */ = {isa = PBXBuildFile; fileRef = D4F27DD22B6A5752003D8AE6 /* Bundle+readInfo.swift */; };
		D4F4FDEC2B32F04B0087A1BB /* XCTestCase+LinuxFulfillment.swift in Sources */ = {isa = PBXBuildFile; fileRef = D4F4FDEB2B32F04B0087A1BB /* XCTestCase+LinuxFulfillment.swift */; };
		D4F7CD772B32D1DA00764787 /* AnyCancellable+store.swift in Sources */ = {isa = PBXBuildFile; fileRef = D4F7CD762B32D1DA00764787 /* AnyCancellable+store.swift */; };
		D4F7D8182B7CBC300055A3FD /* BankSelectUserView.swift in Sources */ = {isa = PBXBuildFile; fileRef = D4F7D8172B7CBC300055A3FD /* BankSelectUserView.swift */; };
		D4FAF1752B8338E50024EFDA /* UserListItem.swift in Sources */ = {isa = PBXBuildFile; fileRef = D4FAF1742B8338E50024EFDA /* UserListItem.swift */; };
		D4FAF1772B8347530024EFDA /* BankSelectUserState.swift in Sources */ = {isa = PBXBuildFile; fileRef = D4FAF1762B8347530024EFDA /* BankSelectUserState.swift */; };
		D4FAF1792B8347960024EFDA /* BankUser.swift in Sources */ = {isa = PBXBuildFile; fileRef = D4FAF1782B8347960024EFDA /* BankUser.swift */; };
		D4FC26C92B270C580029060D /* NfcMessages.swift in Sources */ = {isa = PBXBuildFile; fileRef = D4FC26C82B270C580029060D /* NfcMessages.swift */; };
		D4FEB5C72B62675400D3BAD2 /* ScrollViewOffset.swift in Sources */ = {isa = PBXBuildFile; fileRef = D4FEB5C62B62675400D3BAD2 /* ScrollViewOffset.swift */; };
/* End PBXBuildFile section */

/* Begin PBXContainerItemProxy section */
		D4B130BE2B0E379900AD390F /* PBXContainerItemProxy */ = {
			isa = PBXContainerItemProxy;
			containerPortal = 5EF75DD32AC707BC001834BE /* Project object */;
			proxyType = 1;
			remoteGlobalIDString = 5EF75DDA2AC707BD001834BE;
			remoteInfo = "Rutoken Tech";
		};
/* End PBXContainerItemProxy section */

/* Begin PBXFileReference section */
		4413CFAE2B590379000987A8 /* Rutoken_Tech-Bridging-Header.m */ = {isa = PBXFileReference; lastKnownFileType = sourcecode.c.objc; path = "Rutoken_Tech-Bridging-Header.m"; sourceTree = "<group>"; };
		4413CFB12B592EDE000987A8 /* String+hasCyrillic.swift */ = {isa = PBXFileReference; lastKnownFileType = sourcecode.swift; path = "String+hasCyrillic.swift"; sourceTree = "<group>"; };
		4413CFB32B592F13000987A8 /* String+isNumber.swift */ = {isa = PBXFileReference; lastKnownFileType = sourcecode.swift; path = "String+isNumber.swift"; sourceTree = "<group>"; };
		4413CFB72B597206000987A8 /* OpenSslHelperMock.swift */ = {isa = PBXFileReference; lastKnownFileType = sourcecode.swift; path = OpenSslHelperMock.swift; sourceTree = "<group>"; };
		441658462B5988F000225948 /* WrappedPointer.swift */ = {isa = PBXFileReference; lastKnownFileType = sourcecode.swift; path = WrappedPointer.swift; sourceTree = "<group>"; };
		4416A2762B70F9A500645800 /* View+InfoListStyle.swift */ = {isa = PBXFileReference; lastKnownFileType = sourcecode.swift; path = "View+InfoListStyle.swift"; sourceTree = "<group>"; };
		4416A2792B70F9F600645800 /* View+createLabel.swift */ = {isa = PBXFileReference; lastKnownFileType = sourcecode.swift; path = "View+createLabel.swift"; sourceTree = "<group>"; };
		44251E6D2B8CD52400ADAA0D /* WrappedX509.swift */ = {isa = PBXFileReference; lastKnownFileType = sourcecode.swift; path = WrappedX509.swift; sourceTree = "<group>"; };
		443076EE2B1F2D5E0073B406 /* String+getFrom.swift */ = {isa = PBXFileReference; lastKnownFileType = sourcecode.swift; path = "String+getFrom.swift"; sourceTree = "<group>"; };
		443AF4DD2B10B40500D34150 /* Rutoken_Tech-Bridging-Header.h */ = {isa = PBXFileReference; lastKnownFileType = sourcecode.c.h; path = "Rutoken_Tech-Bridging-Header.h"; sourceTree = "<group>"; };
		44416B2B2B552CCE00EC5F66 /* OpenSslHelper.swift */ = {isa = PBXFileReference; lastKnownFileType = sourcecode.swift; path = OpenSslHelper.swift; sourceTree = "<group>"; };
		44416B2E2B555F4500EC5F66 /* CertRequest.swift */ = {isa = PBXFileReference; lastKnownFileType = sourcecode.swift; path = CertRequest.swift; sourceTree = "<group>"; };
		4443EA0A2B96F5160003436D /* KeyAlgorithm.swift */ = {isa = PBXFileReference; lastKnownFileType = sourcecode.swift; path = KeyAlgorithm.swift; sourceTree = "<group>"; };
		4443EA0C2B96F59A0003436D /* KeyAlgorithm+description.swift */ = {isa = PBXFileReference; lastKnownFileType = sourcecode.swift; path = "KeyAlgorithm+description.swift"; sourceTree = "<group>"; };
		444D9F5B2B8DECC600C1EB0B /* Date+getString.swift */ = {isa = PBXFileReference; lastKnownFileType = sourcecode.swift; path = "Date+getString.swift"; sourceTree = "<group>"; };
		4464FAA72B359ED5005F732F /* Pkcs11Object.swift */ = {isa = PBXFileReference; lastKnownFileType = sourcecode.swift; path = Pkcs11Object.swift; sourceTree = "<group>"; };
		44675E782B14982A00DF87A1 /* RtEngineWrapper.swift */ = {isa = PBXFileReference; lastKnownFileType = sourcecode.swift; path = RtEngineWrapper.swift; sourceTree = "<group>"; };
		4469F7872B34512E000DCF8B /* AttributeType.swift */ = {isa = PBXFileReference; lastKnownFileType = sourcecode.swift; path = AttributeType.swift; sourceTree = "<group>"; };
		446E136B2B85D3AC0060ECEE /* OnPerformReadCerts.swift */ = {isa = PBXFileReference; lastKnownFileType = sourcecode.swift; path = OnPerformReadCerts.swift; sourceTree = "<group>"; };
		446F71032B62511F00684E0D /* FileHelperMock.swift */ = {isa = PBXFileReference; lastKnownFileType = sourcecode.swift; path = FileHelperMock.swift; sourceTree = "<group>"; };
		446F71052B6271C400684E0D /* OnPerformGenCert.swift */ = {isa = PBXFileReference; lastKnownFileType = sourcecode.swift; path = OnPerformGenCert.swift; sourceTree = "<group>"; };
		447AFBA92B205A7000A53B0C /* ConnectionType.swift */ = {isa = PBXFileReference; lastKnownFileType = sourcecode.swift; path = ConnectionType.swift; sourceTree = "<group>"; };
		4483F18B2B7A29420039EF3F /* OnStartMonitoring.swift */ = {isa = PBXFileReference; lastKnownFileType = sourcecode.swift; path = OnStartMonitoring.swift; sourceTree = "<group>"; };
		4483F18D2B7A4F4A0039EF3F /* StartMonitoringTests.swift */ = {isa = PBXFileReference; lastKnownFileType = sourcecode.swift; path = StartMonitoringTests.swift; sourceTree = "<group>"; };
		44868B082B87306D00EA274D /* EnumerateCertsTests.swift */ = {isa = PBXFileReference; lastKnownFileType = sourcecode.swift; path = EnumerateCertsTests.swift; sourceTree = "<group>"; };
		44A415032B60F67600D78653 /* FileHelper.swift */ = {isa = PBXFileReference; lastKnownFileType = sourcecode.swift; path = FileHelper.swift; sourceTree = "<group>"; };
		44A415212B6106AD00D78653 /* bank.key */ = {isa = PBXFileReference; fileEncoding = 4; lastKnownFileType = text; path = bank.key; sourceTree = "<group>"; };
		44A415222B6106AD00D78653 /* ca.key */ = {isa = PBXFileReference; fileEncoding = 4; lastKnownFileType = text; path = ca.key; sourceTree = "<group>"; };
		44A415232B6106AD00D78653 /* bank.pem */ = {isa = PBXFileReference; fileEncoding = 4; lastKnownFileType = text; path = bank.pem; sourceTree = "<group>"; };
		44A415242B6106AD00D78653 /* ca.pem */ = {isa = PBXFileReference; fileEncoding = 4; lastKnownFileType = text; path = ca.pem; sourceTree = "<group>"; };
		44B4A81B2B6CD15D00E59F63 /* AboutAppView.swift */ = {isa = PBXFileReference; lastKnownFileType = sourcecode.swift; path = AboutAppView.swift; sourceTree = "<group>"; };
		44E9C03F2B837F250001E63F /* CertView.swift */ = {isa = PBXFileReference; lastKnownFileType = sourcecode.swift; path = CertView.swift; sourceTree = "<group>"; };
		44E9C0412B837FA90001E63F /* CertModel.swift */ = {isa = PBXFileReference; lastKnownFileType = sourcecode.swift; path = CertModel.swift; sourceTree = "<group>"; };
		44E9C0432B83866A0001E63F /* CertListView.swift */ = {isa = PBXFileReference; lastKnownFileType = sourcecode.swift; path = CertListView.swift; sourceTree = "<group>"; };
		44E9C0452B8387A20001E63F /* BankCertListState.swift */ = {isa = PBXFileReference; lastKnownFileType = sourcecode.swift; path = BankCertListState.swift; sourceTree = "<group>"; };
		44EED1B52B1F115B0036F8DA /* TokenMock.swift */ = {isa = PBXFileReference; lastKnownFileType = sourcecode.swift; path = TokenMock.swift; sourceTree = "<group>"; };
		44F032392B5125BC00466080 /* Pkcs11ObjectMock.swift */ = {isa = PBXFileReference; lastKnownFileType = sourcecode.swift; path = Pkcs11ObjectMock.swift; sourceTree = "<group>"; };
		5E7331A62B6D71D400E96C06 /* Pkcs11Session.swift */ = {isa = PBXFileReference; lastKnownFileType = sourcecode.swift; path = Pkcs11Session.swift; sourceTree = "<group>"; };
		5EF30EDD2B1A823700E48627 /* OnPerformTokenConnection.swift */ = {isa = PBXFileReference; lastKnownFileType = sourcecode.swift; path = OnPerformTokenConnection.swift; sourceTree = "<group>"; };
		5EF75DDB2AC707BD001834BE /* Rutoken Tech.app */ = {isa = PBXFileReference; explicitFileType = wrapper.application; includeInIndex = 0; path = "Rutoken Tech.app"; sourceTree = BUILT_PRODUCTS_DIR; };
		5EF75DDE2AC707BD001834BE /* RutokenTechApp.swift */ = {isa = PBXFileReference; lastKnownFileType = sourcecode.swift; path = RutokenTechApp.swift; sourceTree = "<group>"; };
		5EF75DE02AC707BD001834BE /* RootView.swift */ = {isa = PBXFileReference; lastKnownFileType = sourcecode.swift; path = RootView.swift; sourceTree = "<group>"; };
		5EF75DE22AC707BD001834BE /* Assets.xcassets */ = {isa = PBXFileReference; lastKnownFileType = folder.assetcatalog; path = Assets.xcassets; sourceTree = "<group>"; };
		5EF75DE52AC707BD001834BE /* Preview Assets.xcassets */ = {isa = PBXFileReference; lastKnownFileType = folder.assetcatalog; path = "Preview Assets.xcassets"; sourceTree = "<group>"; };
		7D2021462AEC16E8003E2B73 /* IpadRootView.swift */ = {isa = PBXFileReference; lastKnownFileType = sourcecode.swift; path = IpadRootView.swift; sourceTree = "<group>"; };
		7D28BD812B3082990079AE1C /* CaGenerateKeyPairState.swift */ = {isa = PBXFileReference; lastKnownFileType = sourcecode.swift; path = CaGenerateKeyPairState.swift; sourceTree = "<group>"; };
		7D28BD832B3083460079AE1C /* CaGenerateKeyPairView.swift */ = {isa = PBXFileReference; lastKnownFileType = sourcecode.swift; path = CaGenerateKeyPairView.swift; sourceTree = "<group>"; };
		7D38D6D92B0E2C190045FBAD /* AppState.swift */ = {isa = PBXFileReference; lastKnownFileType = sourcecode.swift; path = AppState.swift; sourceTree = "<group>"; };
		7D38D6DB2B0E2D3F0045FBAD /* AppAction.swift */ = {isa = PBXFileReference; lastKnownFileType = sourcecode.swift; path = AppAction.swift; sourceTree = "<group>"; };
		7D38D6DF2B0E33780045FBAD /* AppReducer.swift */ = {isa = PBXFileReference; lastKnownFileType = sourcecode.swift; path = AppReducer.swift; sourceTree = "<group>"; };
		7D4335882B5567A700A0336A /* String+generateID.swift */ = {isa = PBXFileReference; lastKnownFileType = sourcecode.swift; path = "String+generateID.swift"; sourceTree = "<group>"; };
		7D5145402AFBD1DB004B6947 /* CaEntryView.swift */ = {isa = PBXFileReference; lastKnownFileType = sourcecode.swift; path = CaEntryView.swift; sourceTree = "<group>"; };
		7D9D3C142B3C1DBF00BF2EE1 /* OnPerformGenKeyPair.swift */ = {isa = PBXFileReference; lastKnownFileType = sourcecode.swift; path = OnPerformGenKeyPair.swift; sourceTree = "<group>"; };
		7D9D3C1A2B3C76F000BF2EE1 /* EnumerateKeysTests.swift */ = {isa = PBXFileReference; lastKnownFileType = sourcecode.swift; path = EnumerateKeysTests.swift; sourceTree = "<group>"; };
		7D9E5A5F2B0BA55E00E2EAB7 /* ConnectedTokenState.swift */ = {isa = PBXFileReference; lastKnownFileType = sourcecode.swift; path = ConnectedTokenState.swift; sourceTree = "<group>"; };
		7DACCE252B569CCF00FB3F2C /* CreateCertTests.swift */ = {isa = PBXFileReference; lastKnownFileType = sourcecode.swift; path = CreateCertTests.swift; sourceTree = "<group>"; };
		7DAF6E752AFA362A003A57D1 /* UIDevice+isPhone.swift */ = {isa = PBXFileReference; lastKnownFileType = sourcecode.swift; path = "UIDevice+isPhone.swift"; sourceTree = "<group>"; };
		7DCC9AF02B3B2C9A002788B5 /* KeyModel.swift */ = {isa = PBXFileReference; lastKnownFileType = sourcecode.swift; path = KeyModel.swift; sourceTree = "<group>"; };
		7DEBBDD52B3B1FCE00C35BA5 /* WithTokenTests.swift */ = {isa = PBXFileReference; lastKnownFileType = sourcecode.swift; path = WithTokenTests.swift; sourceTree = "<group>"; };
		D42178022B1F0EAF00D08948 /* RoutingState.swift */ = {isa = PBXFileReference; lastKnownFileType = sourcecode.swift; path = RoutingState.swift; sourceTree = "<group>"; };
		D42178182B205FD700D08948 /* AppAlert.swift */ = {isa = PBXFileReference; lastKnownFileType = sourcecode.swift; path = AppAlert.swift; sourceTree = "<group>"; };
		D423F8BE2B3574BB0058ECDE /* GetTokenInfoTests.swift */ = {isa = PBXFileReference; lastKnownFileType = sourcecode.swift; path = GetTokenInfoTests.swift; sourceTree = "<group>"; };
		D423F8C02B3574EC0058ECDE /* GenerateKeyPairTests.swift */ = {isa = PBXFileReference; lastKnownFileType = sourcecode.swift; path = GenerateKeyPairTests.swift; sourceTree = "<group>"; };
		D43314492B767E2600442809 /* OnHandleOpenLink.swift */ = {isa = PBXFileReference; lastKnownFileType = sourcecode.swift; path = OnHandleOpenLink.swift; sourceTree = "<group>"; };
		D433144B2B76848900442809 /* LinkType.swift */ = {isa = PBXFileReference; lastKnownFileType = sourcecode.swift; path = LinkType.swift; sourceTree = "<group>"; };
		D437117C2B67A70A00441FBC /* SizeReaderViewModifier.swift */ = {isa = PBXFileReference; lastKnownFileType = sourcecode.swift; path = SizeReaderViewModifier.swift; sourceTree = "<group>"; };
		D44997F22AEA6F2100B0AB64 /* IphoneRootView.swift */ = {isa = PBXFileReference; lastKnownFileType = sourcecode.swift; path = IphoneRootView.swift; sourceTree = "<group>"; };
		D44997F52AEA796E00B0AB64 /* RtAppTab.swift */ = {isa = PBXFileReference; lastKnownFileType = sourcecode.swift; path = RtAppTab.swift; sourceTree = "<group>"; };
		D453F5F42B8CD8F1008DD9E1 /* OnSaveTokenPin.swift */ = {isa = PBXFileReference; lastKnownFileType = sourcecode.swift; path = OnSaveTokenPin.swift; sourceTree = "<group>"; };
		D453F5F62B8CD94D008DD9E1 /* PinCodeManager.swift */ = {isa = PBXFileReference; lastKnownFileType = sourcecode.swift; path = PinCodeManager.swift; sourceTree = "<group>"; };
		D453F5FB2B9074E8008DD9E1 /* OnGetTokenPin.swift */ = {isa = PBXFileReference; lastKnownFileType = sourcecode.swift; path = OnGetTokenPin.swift; sourceTree = "<group>"; };
		D455FCAD2B63CFF000E1EFFD /* CaEmptyKeysCertView.swift */ = {isa = PBXFileReference; lastKnownFileType = sourcecode.swift; path = CaEmptyKeysCertView.swift; sourceTree = "<group>"; };
		D47302C22B91E07F0049E8F8 /* PinCodeManagerTests.swift */ = {isa = PBXFileReference; lastKnownFileType = sourcecode.swift; path = PinCodeManagerTests.swift; sourceTree = "<group>"; };
		D47302C42B91E2000049E8F8 /* KeychainManagerMock.swift */ = {isa = PBXFileReference; lastKnownFileType = sourcecode.swift; path = KeychainManagerMock.swift; sourceTree = "<group>"; };
		D49953BD2B55209E00E62B5B /* CaCertGenView.swift */ = {isa = PBXFileReference; lastKnownFileType = sourcecode.swift; path = CaCertGenView.swift; sourceTree = "<group>"; };
		D49953C42B58343200E62B5B /* CaGenerateCertState.swift */ = {isa = PBXFileReference; lastKnownFileType = sourcecode.swift; path = CaGenerateCertState.swift; sourceTree = "<group>"; };
		D4B130A72B0CFD2F00AD390F /* CryptoManager.swift */ = {isa = PBXFileReference; lastKnownFileType = sourcecode.swift; path = CryptoManager.swift; sourceTree = "<group>"; };
		D4B130AA2B0CFD7300AD390F /* TokenInfo.swift */ = {isa = PBXFileReference; lastKnownFileType = sourcecode.swift; path = TokenInfo.swift; sourceTree = "<group>"; };
		D4B130AF2B0CFFCD00AD390F /* TokenModel.swift */ = {isa = PBXFileReference; lastKnownFileType = sourcecode.swift; path = TokenModel.swift; sourceTree = "<group>"; };
		D4B130B22B0DD52A00AD390F /* Token.swift */ = {isa = PBXFileReference; lastKnownFileType = sourcecode.swift; path = Token.swift; sourceTree = "<group>"; };
		D4B130B42B0DDB2200AD390F /* Pkcs11Helper.swift */ = {isa = PBXFileReference; lastKnownFileType = sourcecode.swift; path = Pkcs11Helper.swift; sourceTree = "<group>"; };
		D4B130BA2B0E379900AD390F /* Rutoken Tech Tests.xctest */ = {isa = PBXFileReference; explicitFileType = wrapper.cfbundle; includeInIndex = 0; path = "Rutoken Tech Tests.xctest"; sourceTree = BUILT_PRODUCTS_DIR; };
		D4B130C62B0E37F200AD390F /* Pkcs11HelperMock.swift */ = {isa = PBXFileReference; lastKnownFileType = sourcecode.swift; path = Pkcs11HelperMock.swift; sourceTree = "<group>"; };
		D4B130D22B0E3EDE00AD390F /* XCTestCase+AssertSpecificError.swift */ = {isa = PBXFileReference; lastKnownFileType = sourcecode.swift; path = "XCTestCase+AssertSpecificError.swift"; sourceTree = "<group>"; };
		D4B130D52B0E4F2400AD390F /* PcscHelper.swift */ = {isa = PBXFileReference; lastKnownFileType = sourcecode.swift; path = PcscHelper.swift; sourceTree = "<group>"; };
		D4B130D72B0E4F8200AD390F /* TokenInterface.swift */ = {isa = PBXFileReference; fileEncoding = 4; lastKnownFileType = sourcecode.swift; path = TokenInterface.swift; sourceTree = "<group>"; };
		D4B130D92B0E51FE00AD390F /* PcscHelperMock.swift */ = {isa = PBXFileReference; lastKnownFileType = sourcecode.swift; path = PcscHelperMock.swift; sourceTree = "<group>"; };
		D4C38F392B84CADE00BA50EC /* HeaderTitleView.swift */ = {isa = PBXFileReference; lastKnownFileType = sourcecode.swift; path = HeaderTitleView.swift; sourceTree = "<group>"; };
		D4D46A0E2B3038F60005981A /* Atomic+propertywrapper.swift */ = {isa = PBXFileReference; lastKnownFileType = sourcecode.swift; path = "Atomic+propertywrapper.swift"; sourceTree = "<group>"; };
		D4D9C9E62B2328B600DA702C /* Rutoken Tech.entitlements */ = {isa = PBXFileReference; lastKnownFileType = text.plist.entitlements; path = "Rutoken Tech.entitlements"; sourceTree = "<group>"; };
		D4DC1FCE2B61669800D53AE6 /* String+createPointer.swift */ = {isa = PBXFileReference; lastKnownFileType = sourcecode.swift; path = "String+createPointer.swift"; sourceTree = "<group>"; };
		D4F27DD22B6A5752003D8AE6 /* Bundle+readInfo.swift */ = {isa = PBXFileReference; lastKnownFileType = sourcecode.swift; path = "Bundle+readInfo.swift"; sourceTree = "<group>"; };
		D4F4FDEB2B32F04B0087A1BB /* XCTestCase+LinuxFulfillment.swift */ = {isa = PBXFileReference; lastKnownFileType = sourcecode.swift; path = "XCTestCase+LinuxFulfillment.swift"; sourceTree = "<group>"; };
		D4F7CD762B32D1DA00764787 /* AnyCancellable+store.swift */ = {isa = PBXFileReference; lastKnownFileType = sourcecode.swift; path = "AnyCancellable+store.swift"; sourceTree = "<group>"; };
		D4F7D8172B7CBC300055A3FD /* BankSelectUserView.swift */ = {isa = PBXFileReference; lastKnownFileType = sourcecode.swift; path = BankSelectUserView.swift; sourceTree = "<group>"; };
		D4FAF1742B8338E50024EFDA /* UserListItem.swift */ = {isa = PBXFileReference; lastKnownFileType = sourcecode.swift; path = UserListItem.swift; sourceTree = "<group>"; };
		D4FAF1762B8347530024EFDA /* BankSelectUserState.swift */ = {isa = PBXFileReference; lastKnownFileType = sourcecode.swift; path = BankSelectUserState.swift; sourceTree = "<group>"; };
		D4FAF1782B8347960024EFDA /* BankUser.swift */ = {isa = PBXFileReference; lastKnownFileType = sourcecode.swift; path = BankUser.swift; sourceTree = "<group>"; };
		D4FC26C82B270C580029060D /* NfcMessages.swift */ = {isa = PBXFileReference; lastKnownFileType = sourcecode.swift; path = NfcMessages.swift; sourceTree = "<group>"; };
		D4FEB5C62B62675400D3BAD2 /* ScrollViewOffset.swift */ = {isa = PBXFileReference; lastKnownFileType = sourcecode.swift; path = ScrollViewOffset.swift; sourceTree = "<group>"; };
/* End PBXFileReference section */

/* Begin PBXFrameworksBuildPhase section */
		5EF75DD82AC707BD001834BE /* Frameworks */ = {
			isa = PBXFrameworksBuildPhase;
			buildActionMask = 2147483647;
			files = (
				444D9F5F2B8E087E00C1EB0B /* RtUiComponents in Frameworks */,
				5ED8B9352ACD8FD100BCFC20 /* rtengine in Frameworks */,
				5ED8B92C2ACD8EA100BCFC20 /* TinyAsyncRedux in Frameworks */,
				5ED8B9322ACD8FAC00BCFC20 /* rtpkcs11ecp in Frameworks */,
				5ED8B9382ACD996100BCFC20 /* openssl in Frameworks */,
				D453F5FA2B8F2760008DD9E1 /* RutokenKeychainManager in Frameworks */,
				D4D9C9DA2B2306F900DA702C /* RtPcscWrapper in Frameworks */,
			);
			runOnlyForDeploymentPostprocessing = 0;
		};
		D4B130B72B0E379900AD390F /* Frameworks */ = {
			isa = PBXFrameworksBuildPhase;
			buildActionMask = 2147483647;
			files = (
			);
			runOnlyForDeploymentPostprocessing = 0;
		};
/* End PBXFrameworksBuildPhase section */

/* Begin PBXGroup section */
		4413CFB02B592EC8000987A8 /* String */ = {
			isa = PBXGroup;
			children = (
				443076EE2B1F2D5E0073B406 /* String+getFrom.swift */,
				7D4335882B5567A700A0336A /* String+generateID.swift */,
				4413CFB12B592EDE000987A8 /* String+hasCyrillic.swift */,
				4413CFB32B592F13000987A8 /* String+isNumber.swift */,
				D4DC1FCE2B61669800D53AE6 /* String+createPointer.swift */,
			);
			path = String;
			sourceTree = "<group>";
		};
		4416A2782B70F9E100645800 /* View */ = {
			isa = PBXGroup;
			children = (
				4416A2762B70F9A500645800 /* View+InfoListStyle.swift */,
				4416A2792B70F9F600645800 /* View+createLabel.swift */,
			);
			path = View;
			sourceTree = "<group>";
		};
		44416B2D2B552CFC00EC5F66 /* OpenSSL */ = {
			isa = PBXGroup;
			children = (
				44416B2B2B552CCE00EC5F66 /* OpenSslHelper.swift */,
				44251E6D2B8CD52400ADAA0D /* WrappedX509.swift */,
			);
			path = OpenSSL;
			sourceTree = "<group>";
		};
		44435FE32B5EACFC0072A1DD /* Engine */ = {
			isa = PBXGroup;
			children = (
				44675E782B14982A00DF87A1 /* RtEngineWrapper.swift */,
			);
			path = Engine;
			sourceTree = "<group>";
		};
		446F71022B624F7A00684E0D /* FileHelper */ = {
			isa = PBXGroup;
			children = (
				44A415032B60F67600D78653 /* FileHelper.swift */,
			);
			path = FileHelper;
			sourceTree = "<group>";
		};
		44A4151C2B60FDFA00D78653 /* Credentials */ = {
			isa = PBXGroup;
			children = (
				44A415212B6106AD00D78653 /* bank.key */,
				44A415232B6106AD00D78653 /* bank.pem */,
				44A415222B6106AD00D78653 /* ca.key */,
				44A415242B6106AD00D78653 /* ca.pem */,
			);
			path = Credentials;
			sourceTree = "<group>";
		};
		44B4A81D2B6CD16100E59F63 /* AboutApp */ = {
			isa = PBXGroup;
			children = (
				44B4A81B2B6CD15D00E59F63 /* AboutAppView.swift */,
			);
			path = AboutApp;
			sourceTree = "<group>";
		};
		5EF30ED92B1A790E00E48627 /* Root */ = {
			isa = PBXGroup;
			children = (
				D44997F52AEA796E00B0AB64 /* RtAppTab.swift */,
				7D2021462AEC16E8003E2B73 /* IpadRootView.swift */,
				D44997F22AEA6F2100B0AB64 /* IphoneRootView.swift */,
				5EF75DE02AC707BD001834BE /* RootView.swift */,
			);
			path = Root;
			sourceTree = "<group>";
		};
		5EF30EDC2B1A821300E48627 /* Middlewares */ = {
			isa = PBXGroup;
			children = (
				4483F18B2B7A29420039EF3F /* OnStartMonitoring.swift */,
				5EF30EDD2B1A823700E48627 /* OnPerformTokenConnection.swift */,
				7D9D3C142B3C1DBF00BF2EE1 /* OnPerformGenKeyPair.swift */,
				446F71052B6271C400684E0D /* OnPerformGenCert.swift */,
				D43314492B767E2600442809 /* OnHandleOpenLink.swift */,
				446E136B2B85D3AC0060ECEE /* OnPerformReadCerts.swift */,
				D453F5F42B8CD8F1008DD9E1 /* OnSaveTokenPin.swift */,
				D453F5FB2B9074E8008DD9E1 /* OnGetTokenPin.swift */,
			);
			path = Middlewares;
			sourceTree = "<group>";
		};
		5EF75DD22AC707BC001834BE = {
			isa = PBXGroup;
			children = (
				5EF75DDD2AC707BD001834BE /* Rutoken Tech */,
				D4B130BB2B0E379900AD390F /* Rutoken Tech Tests */,
				5EF75DDC2AC707BD001834BE /* Products */,
			);
			sourceTree = "<group>";
		};
		5EF75DDC2AC707BD001834BE /* Products */ = {
			isa = PBXGroup;
			children = (
				5EF75DDB2AC707BD001834BE /* Rutoken Tech.app */,
				D4B130BA2B0E379900AD390F /* Rutoken Tech Tests.xctest */,
			);
			name = Products;
			sourceTree = "<group>";
		};
		5EF75DDD2AC707BD001834BE /* Rutoken Tech */ = {
			isa = PBXGroup;
			children = (
				D4D9C9E62B2328B600DA702C /* Rutoken Tech.entitlements */,
				7DAF6E742AFA35A5003A57D1 /* Extensions */,
				D4F4FDED2B331D800087A1BB /* Utils */,
				D4B130D42B0E4F1300AD390F /* Pcsc */,
				D4B130B12B0DD50F00AD390F /* Pkcs11 */,
				44416B2D2B552CFC00EC5F66 /* OpenSSL */,
				44435FE32B5EACFC0072A1DD /* Engine */,
				446F71022B624F7A00684E0D /* FileHelper */,
				D4B130A92B0CFD6600AD390F /* Models */,
				D4B130A62B0CFD1B00AD390F /* Managers */,
				D44997F12AEA6EB500B0AB64 /* Views */,
				7D38D6D82B0E2B920045FBAD /* Redux */,
				5EF75DDE2AC707BD001834BE /* RutokenTechApp.swift */,
				5EF75DE22AC707BD001834BE /* Assets.xcassets */,
				5EF75DE42AC707BD001834BE /* Preview Content */,
				44A4151C2B60FDFA00D78653 /* Credentials */,
				443AF4DD2B10B40500D34150 /* Rutoken_Tech-Bridging-Header.h */,
				4413CFAE2B590379000987A8 /* Rutoken_Tech-Bridging-Header.m */,
			);
			path = "Rutoken Tech";
			sourceTree = "<group>";
		};
		5EF75DE42AC707BD001834BE /* Preview Content */ = {
			isa = PBXGroup;
			children = (
				5EF75DE52AC707BD001834BE /* Preview Assets.xcassets */,
			);
			path = "Preview Content";
			sourceTree = "<group>";
		};
		7D38D6D82B0E2B920045FBAD /* Redux */ = {
			isa = PBXGroup;
			children = (
				5EF30EDC2B1A821300E48627 /* Middlewares */,
				7D38D6DD2B0E2D7E0045FBAD /* Actions */,
				7D38D6DE2B0E33620045FBAD /* Reducers */,
				7D9E5A5E2B0BA51600E2EAB7 /* States */,
			);
			path = Redux;
			sourceTree = "<group>";
		};
		7D38D6DD2B0E2D7E0045FBAD /* Actions */ = {
			isa = PBXGroup;
			children = (
				7D38D6DB2B0E2D3F0045FBAD /* AppAction.swift */,
			);
			path = Actions;
			sourceTree = "<group>";
		};
		7D38D6DE2B0E33620045FBAD /* Reducers */ = {
			isa = PBXGroup;
			children = (
				7D38D6DF2B0E33780045FBAD /* AppReducer.swift */,
			);
			path = Reducers;
			sourceTree = "<group>";
		};
		7D5390082B0FA17E00FE4738 /* Ca */ = {
			isa = PBXGroup;
			children = (
				7D5145402AFBD1DB004B6947 /* CaEntryView.swift */,
				7D28BD832B3083460079AE1C /* CaGenerateKeyPairView.swift */,
				D49953BD2B55209E00E62B5B /* CaCertGenView.swift */,
				D455FCAD2B63CFF000E1EFFD /* CaEmptyKeysCertView.swift */,
			);
			path = Ca;
			sourceTree = "<group>";
		};
		7D9E5A5E2B0BA51600E2EAB7 /* States */ = {
			isa = PBXGroup;
			children = (
				D42178022B1F0EAF00D08948 /* RoutingState.swift */,
				7D38D6D92B0E2C190045FBAD /* AppState.swift */,
				7D9E5A5F2B0BA55E00E2EAB7 /* ConnectedTokenState.swift */,
				7D28BD812B3082990079AE1C /* CaGenerateKeyPairState.swift */,
				D49953C42B58343200E62B5B /* CaGenerateCertState.swift */,
				D4FAF1762B8347530024EFDA /* BankSelectUserState.swift */,
				44E9C0452B8387A20001E63F /* BankCertListState.swift */,
			);
			path = States;
			sourceTree = "<group>";
		};
		7DAF6E742AFA35A5003A57D1 /* Extensions */ = {
			isa = PBXGroup;
			children = (
				4416A2782B70F9E100645800 /* View */,
				4413CFB02B592EC8000987A8 /* String */,
				7DAF6E752AFA362A003A57D1 /* UIDevice+isPhone.swift */,
				D4F7CD762B32D1DA00764787 /* AnyCancellable+store.swift */,
				D4F27DD22B6A5752003D8AE6 /* Bundle+readInfo.swift */,
				444D9F5B2B8DECC600C1EB0B /* Date+getString.swift */,
				4443EA0C2B96F59A0003436D /* KeyAlgorithm+description.swift */,
			);
			path = Extensions;
			sourceTree = "<group>";
		};
		D423F8BD2B35749E0058ECDE /* CryptoManager */ = {
			isa = PBXGroup;
			children = (
				4483F18D2B7A4F4A0039EF3F /* StartMonitoringTests.swift */,
				7DEBBDD52B3B1FCE00C35BA5 /* WithTokenTests.swift */,
				D423F8BE2B3574BB0058ECDE /* GetTokenInfoTests.swift */,
				D423F8C02B3574EC0058ECDE /* GenerateKeyPairTests.swift */,
				7DACCE252B569CCF00FB3F2C /* CreateCertTests.swift */,
				7D9D3C1A2B3C76F000BF2EE1 /* EnumerateKeysTests.swift */,
				44868B082B87306D00EA274D /* EnumerateCertsTests.swift */,
			);
			path = CryptoManager;
			sourceTree = "<group>";
		};
		D44997F12AEA6EB500B0AB64 /* Views */ = {
			isa = PBXGroup;
			children = (
				D4C38F382B84CAD100BA50EC /* Common */,
				5EF30ED92B1A790E00E48627 /* Root */,
				7D5390082B0FA17E00FE4738 /* Ca */,
				D4F7D8162B7CBC080055A3FD /* Bank */,
				44B4A81D2B6CD16100E59F63 /* AboutApp */,
			);
			path = Views;
			sourceTree = "<group>";
		};
		D47302C12B91E06B0049E8F8 /* PinCodeManager */ = {
			isa = PBXGroup;
			children = (
				D47302C22B91E07F0049E8F8 /* PinCodeManagerTests.swift */,
			);
			path = PinCodeManager;
			sourceTree = "<group>";
		};
		D4B130A62B0CFD1B00AD390F /* Managers */ = {
			isa = PBXGroup;
			children = (
				D4B130A72B0CFD2F00AD390F /* CryptoManager.swift */,
				D453F5F62B8CD94D008DD9E1 /* PinCodeManager.swift */,
			);
			path = Managers;
			sourceTree = "<group>";
		};
		D4B130A92B0CFD6600AD390F /* Models */ = {
			isa = PBXGroup;
			children = (
				D4B130AA2B0CFD7300AD390F /* TokenInfo.swift */,
				D42178182B205FD700D08948 /* AppAlert.swift */,
				447AFBA92B205A7000A53B0C /* ConnectionType.swift */,
				D4FC26C82B270C580029060D /* NfcMessages.swift */,
				7DCC9AF02B3B2C9A002788B5 /* KeyModel.swift */,
				44416B2E2B555F4500EC5F66 /* CertRequest.swift */,
				D433144B2B76848900442809 /* LinkType.swift */,
				D4FAF1782B8347960024EFDA /* BankUser.swift */,
				44E9C0412B837FA90001E63F /* CertModel.swift */,
			);
			path = Models;
			sourceTree = "<group>";
		};
		D4B130B12B0DD50F00AD390F /* Pkcs11 */ = {
			isa = PBXGroup;
			children = (
				D4B130B42B0DDB2200AD390F /* Pkcs11Helper.swift */,
				D4B130B22B0DD52A00AD390F /* Token.swift */,
				D4B130AF2B0CFFCD00AD390F /* TokenModel.swift */,
				D4B130D72B0E4F8200AD390F /* TokenInterface.swift */,
				4469F7872B34512E000DCF8B /* AttributeType.swift */,
				4464FAA72B359ED5005F732F /* Pkcs11Object.swift */,
				5E7331A62B6D71D400E96C06 /* Pkcs11Session.swift */,
				4443EA0A2B96F5160003436D /* KeyAlgorithm.swift */,
			);
			path = Pkcs11;
			sourceTree = "<group>";
		};
		D4B130BB2B0E379900AD390F /* Rutoken Tech Tests */ = {
			isa = PBXGroup;
			children = (
				D4B130D12B0E3ECC00AD390F /* Extensions */,
				D4B130CE2B0E3AEF00AD390F /* Managers */,
				D4B130C32B0E37BB00AD390F /* Mocks */,
			);
			path = "Rutoken Tech Tests";
			sourceTree = "<group>";
		};
		D4B130C32B0E37BB00AD390F /* Mocks */ = {
			isa = PBXGroup;
			children = (
				D4B130C62B0E37F200AD390F /* Pkcs11HelperMock.swift */,
				D4B130D92B0E51FE00AD390F /* PcscHelperMock.swift */,
				44EED1B52B1F115B0036F8DA /* TokenMock.swift */,
				44F032392B5125BC00466080 /* Pkcs11ObjectMock.swift */,
				4413CFB72B597206000987A8 /* OpenSslHelperMock.swift */,
				446F71032B62511F00684E0D /* FileHelperMock.swift */,
				D47302C42B91E2000049E8F8 /* KeychainManagerMock.swift */,
			);
			path = Mocks;
			sourceTree = "<group>";
		};
		D4B130CE2B0E3AEF00AD390F /* Managers */ = {
			isa = PBXGroup;
			children = (
				D47302C12B91E06B0049E8F8 /* PinCodeManager */,
				D423F8BD2B35749E0058ECDE /* CryptoManager */,
			);
			path = Managers;
			sourceTree = "<group>";
		};
		D4B130D12B0E3ECC00AD390F /* Extensions */ = {
			isa = PBXGroup;
			children = (
				D4B130D22B0E3EDE00AD390F /* XCTestCase+AssertSpecificError.swift */,
				D4F4FDEB2B32F04B0087A1BB /* XCTestCase+LinuxFulfillment.swift */,
			);
			path = Extensions;
			sourceTree = "<group>";
		};
		D4B130D42B0E4F1300AD390F /* Pcsc */ = {
			isa = PBXGroup;
			children = (
				D4B130D52B0E4F2400AD390F /* PcscHelper.swift */,
			);
			path = Pcsc;
			sourceTree = "<group>";
		};
		D4C38F382B84CAD100BA50EC /* Common */ = {
			isa = PBXGroup;
			children = (
				D4C38F392B84CADE00BA50EC /* HeaderTitleView.swift */,
			);
			path = Common;
			sourceTree = "<group>";
		};
		D4F4FDED2B331D800087A1BB /* Utils */ = {
			isa = PBXGroup;
			children = (
				D4D46A0E2B3038F60005981A /* Atomic+propertywrapper.swift */,
				441658462B5988F000225948 /* WrappedPointer.swift */,
				D4FEB5C62B62675400D3BAD2 /* ScrollViewOffset.swift */,
				D437117C2B67A70A00441FBC /* SizeReaderViewModifier.swift */,
			);
			path = Utils;
			sourceTree = "<group>";
		};
		D4F7D8162B7CBC080055A3FD /* Bank */ = {
			isa = PBXGroup;
			children = (
				D4F7D8172B7CBC300055A3FD /* BankSelectUserView.swift */,
				D4FAF1742B8338E50024EFDA /* UserListItem.swift */,
				44E9C03F2B837F250001E63F /* CertView.swift */,
				44E9C0432B83866A0001E63F /* CertListView.swift */,
			);
			path = Bank;
			sourceTree = "<group>";
		};
/* End PBXGroup section */

/* Begin PBXNativeTarget section */
		5EF75DDA2AC707BD001834BE /* Rutoken Tech */ = {
			isa = PBXNativeTarget;
			buildConfigurationList = 5EF75DE92AC707BD001834BE /* Build configuration list for PBXNativeTarget "Rutoken Tech" */;
			buildPhases = (
				5EF75DD72AC707BD001834BE /* Sources */,
				5EF75DD82AC707BD001834BE /* Frameworks */,
				5EF75DD92AC707BD001834BE /* Resources */,
				D4F27DD12B6A53FA003D8AE6 /* Set Commit Hash */,
				7D98BD802AE1233400B6A281 /* Run Swiftlint */,
			);
			buildRules = (
			);
			dependencies = (
			);
			name = "Rutoken Tech";
			packageProductDependencies = (
				5ED8B92B2ACD8EA100BCFC20 /* TinyAsyncRedux */,
				5ED8B9312ACD8FAC00BCFC20 /* rtpkcs11ecp */,
				5ED8B9342ACD8FD100BCFC20 /* rtengine */,
				5ED8B9372ACD996100BCFC20 /* openssl */,
				D4D9C9D92B2306F900DA702C /* RtPcscWrapper */,
				D453F5F92B8F2760008DD9E1 /* RutokenKeychainManager */,
				444D9F5E2B8E087E00C1EB0B /* RtUiComponents */,
			);
			productName = "Rutoken Tech";
			productReference = 5EF75DDB2AC707BD001834BE /* Rutoken Tech.app */;
			productType = "com.apple.product-type.application";
		};
		D4B130B92B0E379900AD390F /* Rutoken Tech Tests */ = {
			isa = PBXNativeTarget;
			buildConfigurationList = D4B130C22B0E379900AD390F /* Build configuration list for PBXNativeTarget "Rutoken Tech Tests" */;
			buildPhases = (
				D4B130B62B0E379900AD390F /* Sources */,
				D4B130B72B0E379900AD390F /* Frameworks */,
				D4B130B82B0E379900AD390F /* Resources */,
			);
			buildRules = (
			);
			dependencies = (
				D4B130BF2B0E379900AD390F /* PBXTargetDependency */,
			);
			name = "Rutoken Tech Tests";
			productName = "Rutoken Tech Tests";
			productReference = D4B130BA2B0E379900AD390F /* Rutoken Tech Tests.xctest */;
			productType = "com.apple.product-type.bundle.unit-test";
		};
/* End PBXNativeTarget section */

/* Begin PBXProject section */
		5EF75DD32AC707BC001834BE /* Project object */ = {
			isa = PBXProject;
			attributes = {
				BuildIndependentTargetsInParallel = 1;
				LastSwiftUpdateCheck = 1500;
				LastUpgradeCheck = 1500;
				TargetAttributes = {
					5EF75DDA2AC707BD001834BE = {
						CreatedOnToolsVersion = 15.0;
					};
					D4B130B92B0E379900AD390F = {
						CreatedOnToolsVersion = 15.0.1;
						TestTargetID = 5EF75DDA2AC707BD001834BE;
					};
				};
			};
			buildConfigurationList = 5EF75DD62AC707BC001834BE /* Build configuration list for PBXProject "Rutoken Tech" */;
			compatibilityVersion = "Xcode 14.0";
			developmentRegion = en;
			hasScannedForEncodings = 0;
			knownRegions = (
				en,
				Base,
			);
			mainGroup = 5EF75DD22AC707BC001834BE;
			packageReferences = (
				5ED8B92A2ACD8EA100BCFC20 /* XCRemoteSwiftPackageReference "tiny-redux" */,
				5ED8B9302ACD8FAC00BCFC20 /* XCRemoteSwiftPackageReference "rt-pkcs11ecp" */,
				5ED8B9332ACD8FD100BCFC20 /* XCRemoteSwiftPackageReference "rt-engine" */,
				5ED8B9362ACD996100BCFC20 /* XCRemoteSwiftPackageReference "openssl-xcframework" */,
				D4D9C9D82B2306F900DA702C /* XCRemoteSwiftPackageReference "rt-pcsc-wrapper" */,
				D453F5F82B8F2760008DD9E1 /* XCRemoteSwiftPackageReference "keychainmanager" */,
				444D9F5D2B8E087E00C1EB0B /* XCRemoteSwiftPackageReference "swift-ui-components" */,
			);
			productRefGroup = 5EF75DDC2AC707BD001834BE /* Products */;
			projectDirPath = "";
			projectRoot = "";
			targets = (
				5EF75DDA2AC707BD001834BE /* Rutoken Tech */,
				D4B130B92B0E379900AD390F /* Rutoken Tech Tests */,
			);
		};
/* End PBXProject section */

/* Begin PBXResourcesBuildPhase section */
		5EF75DD92AC707BD001834BE /* Resources */ = {
			isa = PBXResourcesBuildPhase;
			buildActionMask = 2147483647;
			files = (
				44A415282B6106AD00D78653 /* ca.pem in Resources */,
				5EF75DE62AC707BD001834BE /* Preview Assets.xcassets in Resources */,
				44A415262B6106AD00D78653 /* ca.key in Resources */,
				44A415272B6106AD00D78653 /* bank.pem in Resources */,
				44A415252B6106AD00D78653 /* bank.key in Resources */,
				5EF75DE32AC707BD001834BE /* Assets.xcassets in Resources */,
			);
			runOnlyForDeploymentPostprocessing = 0;
		};
		D4B130B82B0E379900AD390F /* Resources */ = {
			isa = PBXResourcesBuildPhase;
			buildActionMask = 2147483647;
			files = (
			);
			runOnlyForDeploymentPostprocessing = 0;
		};
/* End PBXResourcesBuildPhase section */

/* Begin PBXShellScriptBuildPhase section */
		7D98BD802AE1233400B6A281 /* Run Swiftlint */ = {
			isa = PBXShellScriptBuildPhase;
			alwaysOutOfDate = 1;
			buildActionMask = 12;
			files = (
			);
			inputFileListPaths = (
			);
			inputPaths = (
			);
			name = "Run Swiftlint";
			outputFileListPaths = (
			);
			outputPaths = (
			);
			runOnlyForDeploymentPostprocessing = 0;
			shellPath = /bin/sh;
			shellScript = "if test -d \"/opt/homebrew/bin/\"; then\n  PATH=\"/opt/homebrew/bin/:${PATH}\"\nfi\n\nexport PATH\n\nif which swiftlint >/dev/null; then\n  swiftlint lint --strict\nelse\n  echo \"warning: SwiftLint not installed, download from https://github.com/realm/SwiftLint\"\nfi\n";
		};
		D4F27DD12B6A53FA003D8AE6 /* Set Commit Hash */ = {
			isa = PBXShellScriptBuildPhase;
			alwaysOutOfDate = 1;
			buildActionMask = 2147483647;
			files = (
			);
			inputFileListPaths = (
			);
			inputPaths = (
				$TARGET_BUILD_DIR/$INFOPLIST_PATH,
			);
			name = "Set Commit Hash";
			outputFileListPaths = (
			);
			outputPaths = (
			);
			runOnlyForDeploymentPostprocessing = 0;
			shellPath = /bin/sh;
			shellScript = "INFO_PLIST=\"${SCRIPT_INPUT_FILE_0}\"\n\n# Query and save the value; suppress any error message, if key not found.\nvalue=$(/usr/libexec/PlistBuddy -c 'print :GitCommitHash' \"${INFO_PLIST}\" 2>/dev/null)\n\n# Check if value is empty\nif [ -z \"$value\" ] \nthen\n   /usr/libexec/PlistBuddy -c \"Add :GitCommitHash string\" \"${INFO_PLIST}\"\nfi\n\n/usr/libexec/PlistBuddy -c \"Set :GitCommitHash `git rev-parse --short=8 HEAD`\" \"${INFO_PLIST}\"\n";
		};
/* End PBXShellScriptBuildPhase section */

/* Begin PBXSourcesBuildPhase section */
		5EF75DD72AC707BD001834BE /* Sources */ = {
			isa = PBXSourcesBuildPhase;
			buildActionMask = 2147483647;
			files = (
				D4B130D62B0E4F2400AD390F /* PcscHelper.swift in Sources */,
				D42178192B205FD700D08948 /* AppAlert.swift in Sources */,
				5EF75DE12AC707BD001834BE /* RootView.swift in Sources */,
				4416A27A2B70F9F600645800 /* View+createLabel.swift in Sources */,
				D433144C2B76848900442809 /* LinkType.swift in Sources */,
				D4B130A82B0CFD2F00AD390F /* CryptoManager.swift in Sources */,
				446F71062B6271C400684E0D /* OnPerformGenCert.swift in Sources */,
				D4FAF1752B8338E50024EFDA /* UserListItem.swift in Sources */,
				D4FAF1792B8347960024EFDA /* BankUser.swift in Sources */,
				44675E792B14982A00DF87A1 /* RtEngineWrapper.swift in Sources */,
				44E9C0442B83866A0001E63F /* CertListView.swift in Sources */,
				D4F27DD32B6A5752003D8AE6 /* Bundle+readInfo.swift in Sources */,
				5E7331A72B6D71D400E96C06 /* Pkcs11Session.swift in Sources */,
				D4B130B02B0CFFCD00AD390F /* TokenModel.swift in Sources */,
				7D38D6DA2B0E2C190045FBAD /* AppState.swift in Sources */,
				44251E6E2B8CD52400ADAA0D /* WrappedX509.swift in Sources */,
				D433144A2B767E2700442809 /* OnHandleOpenLink.swift in Sources */,
				7DCC9AF12B3B2C9A002788B5 /* KeyModel.swift in Sources */,
				5EF75DDF2AC707BD001834BE /* RutokenTechApp.swift in Sources */,
				4469F7882B34512E000DCF8B /* AttributeType.swift in Sources */,
				44A415042B60F67600D78653 /* FileHelper.swift in Sources */,
				D4FC26C92B270C580029060D /* NfcMessages.swift in Sources */,
				D437117D2B67A70A00441FBC /* SizeReaderViewModifier.swift in Sources */,
				44416B2F2B555F4500EC5F66 /* CertRequest.swift in Sources */,
				D4D46A0F2B3038F60005981A /* Atomic+propertywrapper.swift in Sources */,
				4464FAA82B359ED5005F732F /* Pkcs11Object.swift in Sources */,
				D49953BE2B55209E00E62B5B /* CaCertGenView.swift in Sources */,
				D4B130B52B0DDB2200AD390F /* Pkcs11Helper.swift in Sources */,
				D4C38F3A2B84CADE00BA50EC /* HeaderTitleView.swift in Sources */,
				4416A2772B70F9A500645800 /* View+InfoListStyle.swift in Sources */,
				4413CFAF2B590379000987A8 /* Rutoken_Tech-Bridging-Header.m in Sources */,
				7D4335892B5567A700A0336A /* String+generateID.swift in Sources */,
				4413CFB42B592F13000987A8 /* String+isNumber.swift in Sources */,
				447AFBAA2B205A7000A53B0C /* ConnectionType.swift in Sources */,
				44416B2C2B552CCE00EC5F66 /* OpenSslHelper.swift in Sources */,
				443076EF2B1F2D5E0073B406 /* String+getFrom.swift in Sources */,
				44E9C0422B837FA90001E63F /* CertModel.swift in Sources */,
				D453F5F72B8CD94D008DD9E1 /* PinCodeManager.swift in Sources */,
				D44997F62AEA796E00B0AB64 /* RtAppTab.swift in Sources */,
				4443EA0B2B96F5160003436D /* KeyAlgorithm.swift in Sources */,
				7D38D6DC2B0E2D3F0045FBAD /* AppAction.swift in Sources */,
				7D28BD822B3082990079AE1C /* CaGenerateKeyPairState.swift in Sources */,
				D44997F32AEA6F2100B0AB64 /* IphoneRootView.swift in Sources */,
				4443EA0D2B96F59A0003436D /* KeyAlgorithm+description.swift in Sources */,
				7D38D6E02B0E33780045FBAD /* AppReducer.swift in Sources */,
				D4DC1FCF2B61669800D53AE6 /* String+createPointer.swift in Sources */,
				D4F7CD772B32D1DA00764787 /* AnyCancellable+store.swift in Sources */,
				7D2021472AEC16E8003E2B73 /* IpadRootView.swift in Sources */,
				D4FEB5C72B62675400D3BAD2 /* ScrollViewOffset.swift in Sources */,
				D49953C52B58343200E62B5B /* CaGenerateCertState.swift in Sources */,
				7D28BD842B3083460079AE1C /* CaGenerateKeyPairView.swift in Sources */,
				7D5145412AFBD1DB004B6947 /* CaEntryView.swift in Sources */,
				D453F5FC2B9074E8008DD9E1 /* OnGetTokenPin.swift in Sources */,
				44B4A81C2B6CD15D00E59F63 /* AboutAppView.swift in Sources */,
				D4FAF1772B8347530024EFDA /* BankSelectUserState.swift in Sources */,
				7D9E5A602B0BA55E00E2EAB7 /* ConnectedTokenState.swift in Sources */,
				D42178032B1F0EAF00D08948 /* RoutingState.swift in Sources */,
				441658472B5988F000225948 /* WrappedPointer.swift in Sources */,
				4483F18C2B7A29420039EF3F /* OnStartMonitoring.swift in Sources */,
				5EF30EDE2B1A823700E48627 /* OnPerformTokenConnection.swift in Sources */,
				D4B130B32B0DD52A00AD390F /* Token.swift in Sources */,
				446E136C2B85D3AC0060ECEE /* OnPerformReadCerts.swift in Sources */,
				7D9D3C152B3C1DBF00BF2EE1 /* OnPerformGenKeyPair.swift in Sources */,
				44E9C0462B8387A20001E63F /* BankCertListState.swift in Sources */,
				5EF30EE02B1A840800E48627 /* TokenInterface.swift in Sources */,
				D4F7D8182B7CBC300055A3FD /* BankSelectUserView.swift in Sources */,
				D453F5F52B8CD8F1008DD9E1 /* OnSaveTokenPin.swift in Sources */,
				D455FCAE2B63CFF000E1EFFD /* CaEmptyKeysCertView.swift in Sources */,
				7DAF6E762AFA362A003A57D1 /* UIDevice+isPhone.swift in Sources */,
				4413CFB22B592EDE000987A8 /* String+hasCyrillic.swift in Sources */,
				D4B130AB2B0CFD7300AD390F /* TokenInfo.swift in Sources */,
				444D9F5C2B8DECC600C1EB0B /* Date+getString.swift in Sources */,
				44E9C0402B837F250001E63F /* CertView.swift in Sources */,
			);
			runOnlyForDeploymentPostprocessing = 0;
		};
		D4B130B62B0E379900AD390F /* Sources */ = {
			isa = PBXSourcesBuildPhase;
			buildActionMask = 2147483647;
			files = (
				4483F18E2B7A4F4A0039EF3F /* StartMonitoringTests.swift in Sources */,
				D423F8C12B3574EC0058ECDE /* GenerateKeyPairTests.swift in Sources */,
				446F71042B62511F00684E0D /* FileHelperMock.swift in Sources */,
				44868B092B87306D00EA274D /* EnumerateCertsTests.swift in Sources */,
				D47302C32B91E07F0049E8F8 /* PinCodeManagerTests.swift in Sources */,
				7DACCE262B569CCF00FB3F2C /* CreateCertTests.swift in Sources */,
				D4B130DA2B0E51FE00AD390F /* PcscHelperMock.swift in Sources */,
				D4B130C72B0E37F200AD390F /* Pkcs11HelperMock.swift in Sources */,
				44EED1B62B1F115B0036F8DA /* TokenMock.swift in Sources */,
				D4F4FDEC2B32F04B0087A1BB /* XCTestCase+LinuxFulfillment.swift in Sources */,
				D423F8BF2B3574BB0058ECDE /* GetTokenInfoTests.swift in Sources */,
				D47302C52B91E2000049E8F8 /* KeychainManagerMock.swift in Sources */,
				D4B130D32B0E3EDE00AD390F /* XCTestCase+AssertSpecificError.swift in Sources */,
				4413CFB82B597206000987A8 /* OpenSslHelperMock.swift in Sources */,
				7DEBBDD62B3B1FCE00C35BA5 /* WithTokenTests.swift in Sources */,
				7D9D3C1B2B3C76F000BF2EE1 /* EnumerateKeysTests.swift in Sources */,
				44F0323A2B5125BC00466080 /* Pkcs11ObjectMock.swift in Sources */,
			);
			runOnlyForDeploymentPostprocessing = 0;
		};
/* End PBXSourcesBuildPhase section */

/* Begin PBXTargetDependency section */
		D4B130BF2B0E379900AD390F /* PBXTargetDependency */ = {
			isa = PBXTargetDependency;
			target = 5EF75DDA2AC707BD001834BE /* Rutoken Tech */;
			targetProxy = D4B130BE2B0E379900AD390F /* PBXContainerItemProxy */;
		};
/* End PBXTargetDependency section */

/* Begin XCBuildConfiguration section */
		5EF75DE72AC707BD001834BE /* Debug */ = {
			isa = XCBuildConfiguration;
			buildSettings = {
				ALWAYS_SEARCH_USER_PATHS = NO;
				ASSETCATALOG_COMPILER_GENERATE_SWIFT_ASSET_SYMBOL_EXTENSIONS = YES;
				CLANG_ANALYZER_NONNULL = YES;
				CLANG_ANALYZER_NUMBER_OBJECT_CONVERSION = YES_AGGRESSIVE;
				CLANG_CXX_LANGUAGE_STANDARD = "gnu++20";
				CLANG_ENABLE_MODULES = YES;
				CLANG_ENABLE_OBJC_ARC = YES;
				CLANG_ENABLE_OBJC_WEAK = YES;
				CLANG_WARN_BLOCK_CAPTURE_AUTORELEASING = YES;
				CLANG_WARN_BOOL_CONVERSION = YES;
				CLANG_WARN_COMMA = YES;
				CLANG_WARN_CONSTANT_CONVERSION = YES;
				CLANG_WARN_DEPRECATED_OBJC_IMPLEMENTATIONS = YES;
				CLANG_WARN_DIRECT_OBJC_ISA_USAGE = YES_ERROR;
				CLANG_WARN_DOCUMENTATION_COMMENTS = YES;
				CLANG_WARN_EMPTY_BODY = YES;
				CLANG_WARN_ENUM_CONVERSION = YES;
				CLANG_WARN_INFINITE_RECURSION = YES;
				CLANG_WARN_INT_CONVERSION = YES;
				CLANG_WARN_NON_LITERAL_NULL_CONVERSION = YES;
				CLANG_WARN_OBJC_IMPLICIT_RETAIN_SELF = YES;
				CLANG_WARN_OBJC_LITERAL_CONVERSION = YES;
				CLANG_WARN_OBJC_ROOT_CLASS = YES_ERROR;
				CLANG_WARN_QUOTED_INCLUDE_IN_FRAMEWORK_HEADER = YES;
				CLANG_WARN_RANGE_LOOP_ANALYSIS = YES;
				CLANG_WARN_STRICT_PROTOTYPES = YES;
				CLANG_WARN_SUSPICIOUS_MOVE = YES;
				CLANG_WARN_UNGUARDED_AVAILABILITY = YES_AGGRESSIVE;
				CLANG_WARN_UNREACHABLE_CODE = YES;
				CLANG_WARN__DUPLICATE_METHOD_MATCH = YES;
				COPY_PHASE_STRIP = NO;
				DEBUG_INFORMATION_FORMAT = dwarf;
				ENABLE_STRICT_OBJC_MSGSEND = YES;
				ENABLE_TESTABILITY = YES;
				ENABLE_USER_SCRIPT_SANDBOXING = NO;
				GCC_C_LANGUAGE_STANDARD = gnu17;
				GCC_DYNAMIC_NO_PIC = NO;
				GCC_NO_COMMON_BLOCKS = YES;
				GCC_OPTIMIZATION_LEVEL = 0;
				GCC_PREPROCESSOR_DEFINITIONS = (
					"DEBUG=1",
					"$(inherited)",
				);
				GCC_WARN_64_TO_32_BIT_CONVERSION = YES;
				GCC_WARN_ABOUT_RETURN_TYPE = YES_ERROR;
				GCC_WARN_UNDECLARED_SELECTOR = YES;
				GCC_WARN_UNINITIALIZED_AUTOS = YES_AGGRESSIVE;
				GCC_WARN_UNUSED_FUNCTION = YES;
				GCC_WARN_UNUSED_VARIABLE = YES;
				IPHONEOS_DEPLOYMENT_TARGET = 16.2;
				LOCALIZATION_PREFERS_STRING_CATALOGS = YES;
				MTL_ENABLE_DEBUG_INFO = INCLUDE_SOURCE;
				MTL_FAST_MATH = YES;
				ONLY_ACTIVE_ARCH = YES;
				SDKROOT = iphoneos;
				SWIFT_ACTIVE_COMPILATION_CONDITIONS = "DEBUG $(inherited)";
				SWIFT_OPTIMIZATION_LEVEL = "-Onone";
			};
			name = Debug;
		};
		5EF75DE82AC707BD001834BE /* Release */ = {
			isa = XCBuildConfiguration;
			buildSettings = {
				ALWAYS_SEARCH_USER_PATHS = NO;
				ASSETCATALOG_COMPILER_GENERATE_SWIFT_ASSET_SYMBOL_EXTENSIONS = YES;
				CLANG_ANALYZER_NONNULL = YES;
				CLANG_ANALYZER_NUMBER_OBJECT_CONVERSION = YES_AGGRESSIVE;
				CLANG_CXX_LANGUAGE_STANDARD = "gnu++20";
				CLANG_ENABLE_MODULES = YES;
				CLANG_ENABLE_OBJC_ARC = YES;
				CLANG_ENABLE_OBJC_WEAK = YES;
				CLANG_WARN_BLOCK_CAPTURE_AUTORELEASING = YES;
				CLANG_WARN_BOOL_CONVERSION = YES;
				CLANG_WARN_COMMA = YES;
				CLANG_WARN_CONSTANT_CONVERSION = YES;
				CLANG_WARN_DEPRECATED_OBJC_IMPLEMENTATIONS = YES;
				CLANG_WARN_DIRECT_OBJC_ISA_USAGE = YES_ERROR;
				CLANG_WARN_DOCUMENTATION_COMMENTS = YES;
				CLANG_WARN_EMPTY_BODY = YES;
				CLANG_WARN_ENUM_CONVERSION = YES;
				CLANG_WARN_INFINITE_RECURSION = YES;
				CLANG_WARN_INT_CONVERSION = YES;
				CLANG_WARN_NON_LITERAL_NULL_CONVERSION = YES;
				CLANG_WARN_OBJC_IMPLICIT_RETAIN_SELF = YES;
				CLANG_WARN_OBJC_LITERAL_CONVERSION = YES;
				CLANG_WARN_OBJC_ROOT_CLASS = YES_ERROR;
				CLANG_WARN_QUOTED_INCLUDE_IN_FRAMEWORK_HEADER = YES;
				CLANG_WARN_RANGE_LOOP_ANALYSIS = YES;
				CLANG_WARN_STRICT_PROTOTYPES = YES;
				CLANG_WARN_SUSPICIOUS_MOVE = YES;
				CLANG_WARN_UNGUARDED_AVAILABILITY = YES_AGGRESSIVE;
				CLANG_WARN_UNREACHABLE_CODE = YES;
				CLANG_WARN__DUPLICATE_METHOD_MATCH = YES;
				COPY_PHASE_STRIP = NO;
				DEBUG_INFORMATION_FORMAT = "dwarf-with-dsym";
				ENABLE_NS_ASSERTIONS = NO;
				ENABLE_STRICT_OBJC_MSGSEND = YES;
				ENABLE_USER_SCRIPT_SANDBOXING = NO;
				GCC_C_LANGUAGE_STANDARD = gnu17;
				GCC_NO_COMMON_BLOCKS = YES;
				GCC_WARN_64_TO_32_BIT_CONVERSION = YES;
				GCC_WARN_ABOUT_RETURN_TYPE = YES_ERROR;
				GCC_WARN_UNDECLARED_SELECTOR = YES;
				GCC_WARN_UNINITIALIZED_AUTOS = YES_AGGRESSIVE;
				GCC_WARN_UNUSED_FUNCTION = YES;
				GCC_WARN_UNUSED_VARIABLE = YES;
				IPHONEOS_DEPLOYMENT_TARGET = 16.2;
				LOCALIZATION_PREFERS_STRING_CATALOGS = YES;
				MTL_ENABLE_DEBUG_INFO = NO;
				MTL_FAST_MATH = YES;
				SDKROOT = iphoneos;
				SWIFT_COMPILATION_MODE = wholemodule;
				VALIDATE_PRODUCT = YES;
			};
			name = Release;
		};
		5EF75DEA2AC707BD001834BE /* Debug */ = {
			isa = XCBuildConfiguration;
			buildSettings = {
				ASSETCATALOG_COMPILER_APPICON_NAME = AppIcon;
				ASSETCATALOG_COMPILER_GLOBAL_ACCENT_COLOR_NAME = AccentColor;
				CLANG_WARN_QUOTED_INCLUDE_IN_FRAMEWORK_HEADER = NO;
				CODE_SIGN_ENTITLEMENTS = "Rutoken Tech/Rutoken Tech.entitlements";
				"CODE_SIGN_IDENTITY[sdk=iphoneos*]" = "iPhone Developer";
				CODE_SIGN_STYLE = Manual;
				CURRENT_PROJECT_VERSION = 1;
				DEVELOPMENT_ASSET_PATHS = "\"Rutoken Tech/Preview Content\"";
				DEVELOPMENT_TEAM = "";
				"DEVELOPMENT_TEAM[sdk=iphoneos*]" = TRCKC8GFT7;
				ENABLE_PREVIEWS = YES;
				GENERATE_INFOPLIST_FILE = YES;
				HEADER_SEARCH_PATHS = $CONFIGURATION_BUILD_DIR/rtpkcs11ecp.framework/Headers/;
				INFOPLIST_FILE = info.plist;
				INFOPLIST_KEY_NFCReaderUsageDescription = "NFC будет использован для работы с устройствами Рутокен";
				INFOPLIST_KEY_NSFaceIDUsageDescription = "Приложение использует Face ID для более быстрого и удобного процесса аутентификации";
				INFOPLIST_KEY_UIApplicationSceneManifest_Generation = YES;
				INFOPLIST_KEY_UIApplicationSupportsIndirectInputEvents = YES;
				INFOPLIST_KEY_UILaunchScreen_Generation = YES;
				INFOPLIST_KEY_UIRequiresFullScreen = YES;
				INFOPLIST_KEY_UISupportedInterfaceOrientations = UIInterfaceOrientationPortrait;
				LD_RUNPATH_SEARCH_PATHS = (
					"$(inherited)",
					"@executable_path/Frameworks",
				);
				MARKETING_VERSION = 1.1;
				PRODUCT_BUNDLE_IDENTIFIER = "ru.rutoken.Rutoken-Tech";
				PRODUCT_NAME = "$(TARGET_NAME)";
				"PROVISIONING_PROFILE_SPECIFIER[sdk=iphoneos*]" = "match Development ru.rutoken.Rutoken-Tech";
				SUPPORTED_PLATFORMS = "iphoneos iphonesimulator";
				SUPPORTS_MACCATALYST = NO;
				SUPPORTS_MAC_DESIGNED_FOR_IPHONE_IPAD = NO;
				SWIFT_EMIT_LOC_STRINGS = YES;
				SWIFT_OBJC_BRIDGING_HEADER = "$(PROJECT_DIR)/$(PRODUCT_NAME)/$(PRODUCT_MODULE_NAME)-Bridging-Header.h";
				SWIFT_VERSION = 5.0;
				TARGETED_DEVICE_FAMILY = "1,2";
			};
			name = Debug;
		};
		5EF75DEB2AC707BD001834BE /* Release */ = {
			isa = XCBuildConfiguration;
			buildSettings = {
				ASSETCATALOG_COMPILER_APPICON_NAME = AppIcon;
				ASSETCATALOG_COMPILER_GLOBAL_ACCENT_COLOR_NAME = AccentColor;
				CLANG_WARN_QUOTED_INCLUDE_IN_FRAMEWORK_HEADER = NO;
				CODE_SIGN_ENTITLEMENTS = "Rutoken Tech/Rutoken Tech.entitlements";
				"CODE_SIGN_IDENTITY[sdk=iphoneos*]" = "iPhone Developer";
				CODE_SIGN_STYLE = Manual;
				CURRENT_PROJECT_VERSION = 1;
				DEVELOPMENT_ASSET_PATHS = "\"Rutoken Tech/Preview Content\"";
				DEVELOPMENT_TEAM = "";
				"DEVELOPMENT_TEAM[sdk=iphoneos*]" = TRCKC8GFT7;
				ENABLE_PREVIEWS = YES;
				GENERATE_INFOPLIST_FILE = YES;
				HEADER_SEARCH_PATHS = $CONFIGURATION_BUILD_DIR/rtpkcs11ecp.framework/Headers/;
				INFOPLIST_FILE = info.plist;
				INFOPLIST_KEY_NFCReaderUsageDescription = "NFC будет использован для работы с устройствами Рутокен";
				INFOPLIST_KEY_NSFaceIDUsageDescription = "Приложение использует Face ID для более быстрого и удобного процесса аутентификации";
				INFOPLIST_KEY_UIApplicationSceneManifest_Generation = YES;
				INFOPLIST_KEY_UIApplicationSupportsIndirectInputEvents = YES;
				INFOPLIST_KEY_UILaunchScreen_Generation = YES;
				INFOPLIST_KEY_UIRequiresFullScreen = YES;
				INFOPLIST_KEY_UISupportedInterfaceOrientations = UIInterfaceOrientationPortrait;
				LD_RUNPATH_SEARCH_PATHS = (
					"$(inherited)",
					"@executable_path/Frameworks",
				);
				MARKETING_VERSION = 1.1;
				PRODUCT_BUNDLE_IDENTIFIER = "ru.rutoken.Rutoken-Tech";
				PRODUCT_NAME = "$(TARGET_NAME)";
				"PROVISIONING_PROFILE_SPECIFIER[sdk=iphoneos*]" = "match Development ru.rutoken.Rutoken-Tech";
				SUPPORTED_PLATFORMS = "iphoneos iphonesimulator";
				SUPPORTS_MACCATALYST = NO;
				SUPPORTS_MAC_DESIGNED_FOR_IPHONE_IPAD = NO;
				SWIFT_EMIT_LOC_STRINGS = YES;
				SWIFT_OBJC_BRIDGING_HEADER = "$(PROJECT_DIR)/$(PRODUCT_NAME)/$(PRODUCT_MODULE_NAME)-Bridging-Header.h";
				SWIFT_VERSION = 5.0;
				TARGETED_DEVICE_FAMILY = "1,2";
			};
			name = Release;
		};
		D4B130C02B0E379900AD390F /* Debug */ = {
			isa = XCBuildConfiguration;
			buildSettings = {
				BUNDLE_LOADER = "$(TEST_HOST)";
				CODE_SIGN_STYLE = Automatic;
				CURRENT_PROJECT_VERSION = 1;
				DEVELOPMENT_TEAM = TRCKC8GFT7;
				ENABLE_USER_SCRIPT_SANDBOXING = YES;
				GENERATE_INFOPLIST_FILE = YES;
				HEADER_SEARCH_PATHS = $CONFIGURATION_BUILD_DIR/rtpkcs11ecp.framework/Headers/;
				IPHONEOS_DEPLOYMENT_TARGET = 16.2;
				MARKETING_VERSION = 1.0;
				PRODUCT_BUNDLE_IDENTIFIER = "ru.rutoken.Rutoken-Tech-Tests";
				PRODUCT_NAME = "$(TARGET_NAME)";
				SWIFT_EMIT_LOC_STRINGS = NO;
				SWIFT_VERSION = 5.0;
				TARGETED_DEVICE_FAMILY = "1,2";
				TEST_HOST = "$(BUILT_PRODUCTS_DIR)/Rutoken Tech.app/$(BUNDLE_EXECUTABLE_FOLDER_PATH)/Rutoken Tech";
			};
			name = Debug;
		};
		D4B130C12B0E379900AD390F /* Release */ = {
			isa = XCBuildConfiguration;
			buildSettings = {
				BUNDLE_LOADER = "$(TEST_HOST)";
				CODE_SIGN_STYLE = Automatic;
				CURRENT_PROJECT_VERSION = 1;
				DEVELOPMENT_TEAM = TRCKC8GFT7;
				ENABLE_USER_SCRIPT_SANDBOXING = YES;
				GENERATE_INFOPLIST_FILE = YES;
				HEADER_SEARCH_PATHS = $CONFIGURATION_BUILD_DIR/rtpkcs11ecp.framework/Headers/;
				IPHONEOS_DEPLOYMENT_TARGET = 16.2;
				MARKETING_VERSION = 1.0;
				PRODUCT_BUNDLE_IDENTIFIER = "ru.rutoken.Rutoken-Tech-Tests";
				PRODUCT_NAME = "$(TARGET_NAME)";
				SWIFT_EMIT_LOC_STRINGS = NO;
				SWIFT_VERSION = 5.0;
				TARGETED_DEVICE_FAMILY = "1,2";
				TEST_HOST = "$(BUILT_PRODUCTS_DIR)/Rutoken Tech.app/$(BUNDLE_EXECUTABLE_FOLDER_PATH)/Rutoken Tech";
			};
			name = Release;
		};
/* End XCBuildConfiguration section */

/* Begin XCConfigurationList section */
		5EF75DD62AC707BC001834BE /* Build configuration list for PBXProject "Rutoken Tech" */ = {
			isa = XCConfigurationList;
			buildConfigurations = (
				5EF75DE72AC707BD001834BE /* Debug */,
				5EF75DE82AC707BD001834BE /* Release */,
			);
			defaultConfigurationIsVisible = 0;
			defaultConfigurationName = Release;
		};
		5EF75DE92AC707BD001834BE /* Build configuration list for PBXNativeTarget "Rutoken Tech" */ = {
			isa = XCConfigurationList;
			buildConfigurations = (
				5EF75DEA2AC707BD001834BE /* Debug */,
				5EF75DEB2AC707BD001834BE /* Release */,
			);
			defaultConfigurationIsVisible = 0;
			defaultConfigurationName = Release;
		};
		D4B130C22B0E379900AD390F /* Build configuration list for PBXNativeTarget "Rutoken Tech Tests" */ = {
			isa = XCConfigurationList;
			buildConfigurations = (
				D4B130C02B0E379900AD390F /* Debug */,
				D4B130C12B0E379900AD390F /* Release */,
			);
			defaultConfigurationIsVisible = 0;
			defaultConfigurationName = Release;
		};
/* End XCConfigurationList section */

/* Begin XCRemoteSwiftPackageReference section */
		444D9F5D2B8E087E00C1EB0B /* XCRemoteSwiftPackageReference "swift-ui-components" */ = {
			isa = XCRemoteSwiftPackageReference;
			repositoryURL = "https://github.com/AktivCo/swift-ui-components";
			requirement = {
				kind = revision;
				revision = d0a39effaf867c4ae4519727621e869e945ac403;
			};
		};
		5ED8B92A2ACD8EA100BCFC20 /* XCRemoteSwiftPackageReference "tiny-redux" */ = {
			isa = XCRemoteSwiftPackageReference;
			repositoryURL = "git@scm.aktivco.ru:rutoken/dev/ios-projects/swift-packages/tiny-redux.git";
			requirement = {
				kind = exactVersion;
				version = 4.0.0;
			};
		};
		5ED8B9302ACD8FAC00BCFC20 /* XCRemoteSwiftPackageReference "rt-pkcs11ecp" */ = {
			isa = XCRemoteSwiftPackageReference;
			repositoryURL = "git@scm.aktivco.ru:rutoken/dev/ios-projects/swift-packages/rt-pkcs11ecp.git";
			requirement = {
				kind = revision;
				revision = 3e350bab7fa61bfe8a1a89f012525c52b6f3610e;
			};
		};
		5ED8B9332ACD8FD100BCFC20 /* XCRemoteSwiftPackageReference "rt-engine" */ = {
			isa = XCRemoteSwiftPackageReference;
			repositoryURL = "git@scm.aktivco.ru:rutoken/dev/ios-projects/swift-packages/rt-engine.git";
			requirement = {
				kind = revision;
				revision = 247554eea1185dc6761d902a93ee65787b09decf;
			};
		};
		5ED8B9362ACD996100BCFC20 /* XCRemoteSwiftPackageReference "openssl-xcframework" */ = {
			isa = XCRemoteSwiftPackageReference;
			repositoryURL = "git@scm.aktivco.ru:rutoken/dev/ios-projects/swift-packages/openssl-xcframework.git";
			requirement = {
				kind = revision;
				revision = 5383153db995ede4e40e6331b1f31347c8d74b1b;
			};
		};
		D453F5F82B8F2760008DD9E1 /* XCRemoteSwiftPackageReference "keychainmanager" */ = {
			isa = XCRemoteSwiftPackageReference;
			repositoryURL = "git@scm.aktivco.ru:rutoken/dev/ios-projects/swift-packages/keychainmanager.git";
			requirement = {
				kind = revision;
				revision = 99454f840d016cc386add7cf4f8ff5cec07f440b;
			};
		};
		D4D9C9D82B2306F900DA702C /* XCRemoteSwiftPackageReference "rt-pcsc-wrapper" */ = {
			isa = XCRemoteSwiftPackageReference;
			repositoryURL = "git@scm.aktivco.ru:rutoken/dev/ios-projects/swift-packages/rt-pcsc-wrapper.git";
			requirement = {
				kind = revision;
				revision = 2ba56df82033b4f737da9873d45fff58b9e89527;
			};
		};
/* End XCRemoteSwiftPackageReference section */

/* Begin XCSwiftPackageProductDependency section */
		444D9F5E2B8E087E00C1EB0B /* RtUiComponents */ = {
			isa = XCSwiftPackageProductDependency;
			package = 444D9F5D2B8E087E00C1EB0B /* XCRemoteSwiftPackageReference "swift-ui-components" */;
			productName = RtUiComponents;
		};
		5ED8B92B2ACD8EA100BCFC20 /* TinyAsyncRedux */ = {
			isa = XCSwiftPackageProductDependency;
			package = 5ED8B92A2ACD8EA100BCFC20 /* XCRemoteSwiftPackageReference "tiny-redux" */;
			productName = TinyAsyncRedux;
		};
		5ED8B9312ACD8FAC00BCFC20 /* rtpkcs11ecp */ = {
			isa = XCSwiftPackageProductDependency;
			package = 5ED8B9302ACD8FAC00BCFC20 /* XCRemoteSwiftPackageReference "rt-pkcs11ecp" */;
			productName = rtpkcs11ecp;
		};
		5ED8B9342ACD8FD100BCFC20 /* rtengine */ = {
			isa = XCSwiftPackageProductDependency;
			package = 5ED8B9332ACD8FD100BCFC20 /* XCRemoteSwiftPackageReference "rt-engine" */;
			productName = rtengine;
		};
		5ED8B9372ACD996100BCFC20 /* openssl */ = {
			isa = XCSwiftPackageProductDependency;
			package = 5ED8B9362ACD996100BCFC20 /* XCRemoteSwiftPackageReference "openssl-xcframework" */;
			productName = openssl;
		};
		D453F5F92B8F2760008DD9E1 /* RutokenKeychainManager */ = {
			isa = XCSwiftPackageProductDependency;
			package = D453F5F82B8F2760008DD9E1 /* XCRemoteSwiftPackageReference "keychainmanager" */;
			productName = RutokenKeychainManager;
		};
		D4D9C9D92B2306F900DA702C /* RtPcscWrapper */ = {
			isa = XCSwiftPackageProductDependency;
			package = D4D9C9D82B2306F900DA702C /* XCRemoteSwiftPackageReference "rt-pcsc-wrapper" */;
			productName = RtPcscWrapper;
		};
/* End XCSwiftPackageProductDependency section */
	};
	rootObject = 5EF75DD32AC707BC001834BE /* Project object */;
}
